// !$*UTF8*$!
{
	archiveVersion = 1;
	classes = {
	};
	objectVersion = 46;
	objects = {

/* Begin PBXBuildFile section */
		15541B031B5665120044918D /* list0Cell.m in Sources */ = {isa = PBXBuildFile; fileRef = 15541B021B5665120044918D /* list0Cell.m */; };
		159941C71B5793C8001AD6DA /* AddadvertisementViewController.m in Sources */ = {isa = PBXBuildFile; fileRef = 159941C61B5793C8001AD6DA /* AddadvertisementViewController.m */; };
		159941CA1B5793FE001AD6DA /* MPEditProperty.m in Sources */ = {isa = PBXBuildFile; fileRef = 159941C91B5793FE001AD6DA /* MPEditProperty.m */; };
		15B9B87B1B4D562B00D9FFB4 /* ChangePasswordViewController.m in Sources */ = {isa = PBXBuildFile; fileRef = 15B9B87A1B4D562B00D9FFB4 /* ChangePasswordViewController.m */; };
		15B9B87E1B4D617600D9FFB4 /* GridTableViewCell.m in Sources */ = {isa = PBXBuildFile; fileRef = 15B9B87D1B4D617600D9FFB4 /* GridTableViewCell.m */; };
		15B9B8811B4D623800D9FFB4 /* GridefavouriteTableViewCell.m in Sources */ = {isa = PBXBuildFile; fileRef = 15B9B8801B4D623800D9FFB4 /* GridefavouriteTableViewCell.m */; };
		15B9B88D1B4D6C5300D9FFB4 /* LeftMenu.xib in Resources */ = {isa = PBXBuildFile; fileRef = 15B9B88A1B4D6C5300D9FFB4 /* LeftMenu.xib */; };
		15B9B88E1B4D6C5300D9FFB4 /* LeftMenu.m in Sources */ = {isa = PBXBuildFile; fileRef = 15B9B88C1B4D6C5300D9FFB4 /* LeftMenu.m */; };
		8F4483DE1B73284C005C9F91 /* AppointmentListCell.m in Sources */ = {isa = PBXBuildFile; fileRef = 8F4483DD1B73284C005C9F91 /* AppointmentListCell.m */; };
		8F4483E11B732865005C9F91 /* AppointmentGridCell.m in Sources */ = {isa = PBXBuildFile; fileRef = 8F4483E01B732865005C9F91 /* AppointmentGridCell.m */; };
		8F4483E41B73287A005C9F91 /* OfferListCell.m in Sources */ = {isa = PBXBuildFile; fileRef = 8F4483E31B73287A005C9F91 /* OfferListCell.m */; };
		8F4483E71B732889005C9F91 /* OfferGridCell.m in Sources */ = {isa = PBXBuildFile; fileRef = 8F4483E61B732889005C9F91 /* OfferGridCell.m */; };
		8F44E30C1B57F05C0024BD7A /* MPAddPropertyAdd.m in Sources */ = {isa = PBXBuildFile; fileRef = 8F44E30B1B57F05C0024BD7A /* MPAddPropertyAdd.m */; };
		8F4775441B60C207000271D1 /* MPMyPropertyViewController.m in Sources */ = {isa = PBXBuildFile; fileRef = 8F4775431B60C207000271D1 /* MPMyPropertyViewController.m */; };
		8F4775471B60C22A000271D1 /* MPMyAddvertisementViewController.m in Sources */ = {isa = PBXBuildFile; fileRef = 8F4775461B60C22A000271D1 /* MPMyAddvertisementViewController.m */; };
		8F5FA2981B6F4BD800003EAB /* CoreLocation.framework in Frameworks */ = {isa = PBXBuildFile; fileRef = 8F5FA2971B6F4BD800003EAB /* CoreLocation.framework */; };
		8F7A28091B5E4BA400BC717E /* MPBookAgentViewController.m in Sources */ = {isa = PBXBuildFile; fileRef = 8F7A28081B5E4BA400BC717E /* MPBookAgentViewController.m */; };
		8F7A280C1B5E508F00BC717E /* BookAgentCell.m in Sources */ = {isa = PBXBuildFile; fileRef = 8F7A280B1B5E508F00BC717E /* BookAgentCell.m */; };
		8F7D05B61B4670AC002134AB /* main.m in Sources */ = {isa = PBXBuildFile; fileRef = 8F7D05B51B4670AC002134AB /* main.m */; };
		8F7D05B91B4670AC002134AB /* AppDelegate.m in Sources */ = {isa = PBXBuildFile; fileRef = 8F7D05B81B4670AC002134AB /* AppDelegate.m */; };
		8F7D05BC1B4670AC002134AB /* MYPROPERTY.xcdatamodeld in Sources */ = {isa = PBXBuildFile; fileRef = 8F7D05BA1B4670AC002134AB /* MYPROPERTY.xcdatamodeld */; };
		8F7D05C21B4670AC002134AB /* Main.storyboard in Resources */ = {isa = PBXBuildFile; fileRef = 8F7D05C01B4670AC002134AB /* Main.storyboard */; };
		8F7D05C41B4670AC002134AB /* Images.xcassets in Resources */ = {isa = PBXBuildFile; fileRef = 8F7D05C31B4670AC002134AB /* Images.xcassets */; };
		8F7D05C71B4670AC002134AB /* LaunchScreen.xib in Resources */ = {isa = PBXBuildFile; fileRef = 8F7D05C51B4670AC002134AB /* LaunchScreen.xib */; };
		8F7D05D31B4670AC002134AB /* MYPROPERTYTests.m in Sources */ = {isa = PBXBuildFile; fileRef = 8F7D05D21B4670AC002134AB /* MYPROPERTYTests.m */; };
		8F7D05E21B4681E1002134AB /* QFProfileViewController.m in Sources */ = {isa = PBXBuildFile; fileRef = 8F7D05E11B4681E1002134AB /* QFProfileViewController.m */; };
		8F7D05E41B4684E4002134AB /* RightMenu.xib in Resources */ = {isa = PBXBuildFile; fileRef = 8F7D05E31B4684E4002134AB /* RightMenu.xib */; };
		8F7D06091B468B21002134AB /* RightMenu.m in Sources */ = {isa = PBXBuildFile; fileRef = 8F7D06081B468B21002134AB /* RightMenu.m */; };
		8F7D060C1B469C1F002134AB /* MPRegisterPropertyViewController.m in Sources */ = {isa = PBXBuildFile; fileRef = 8F7D060B1B469C1F002134AB /* MPRegisterPropertyViewController.m */; };
		8F7D060F1B46A323002134AB /* MPNotificationViewController.m in Sources */ = {isa = PBXBuildFile; fileRef = 8F7D060E1B46A323002134AB /* MPNotificationViewController.m */; };
		8F7D06121B46A9FE002134AB /* NotificationCell.m in Sources */ = {isa = PBXBuildFile; fileRef = 8F7D06111B46A9FE002134AB /* NotificationCell.m */; };
		8F7D06141B46B785002134AB /* Footer.xib in Resources */ = {isa = PBXBuildFile; fileRef = 8F7D06131B46B784002134AB /* Footer.xib */; };
		8F7D06171B46BB6F002134AB /* Footer.m in Sources */ = {isa = PBXBuildFile; fileRef = 8F7D06161B46BB6F002134AB /* Footer.m */; };
		8F7D06191B46CBB6002134AB /* MapKit.framework in Frameworks */ = {isa = PBXBuildFile; fileRef = 8F7D06181B46CBB6002134AB /* MapKit.framework */; };
		8F7D06221B46CC3B002134AB /* Listing0ViewController.m in Sources */ = {isa = PBXBuildFile; fileRef = 8F7D061B1B46CC3B002134AB /* Listing0ViewController.m */; };
		8F7D06231B46CC3B002134AB /* Listing1ViewController.m in Sources */ = {isa = PBXBuildFile; fileRef = 8F7D061D1B46CC3B002134AB /* Listing1ViewController.m */; };
		8F7D06241B46CC3B002134AB /* PropertyDetails2ViewController.m in Sources */ = {isa = PBXBuildFile; fileRef = 8F7D061F1B46CC3B002134AB /* PropertyDetails2ViewController.m */; };
		8F7D06251B46CC3B002134AB /* SearchViewController.m in Sources */ = {isa = PBXBuildFile; fileRef = 8F7D06211B46CC3B002134AB /* SearchViewController.m */; };
		8F7D062E1B46CF47002134AB /* FavouriteViewController.m in Sources */ = {isa = PBXBuildFile; fileRef = 8F7D06271B46CF47002134AB /* FavouriteViewController.m */; };
		8F7D062F1B46CF47002134AB /* Listing3ViewController.m in Sources */ = {isa = PBXBuildFile; fileRef = 8F7D06291B46CF47002134AB /* Listing3ViewController.m */; };
		8F7D06301B46CF47002134AB /* PropertyViewController.m in Sources */ = {isa = PBXBuildFile; fileRef = 8F7D062B1B46CF47002134AB /* PropertyViewController.m */; };
		8F7D06311B46CF47002134AB /* ViewController.m in Sources */ = {isa = PBXBuildFile; fileRef = 8F7D062D1B46CF47002134AB /* ViewController.m */; };
		8F7D06381B46CF72002134AB /* FavouriteTableViewCell.m in Sources */ = {isa = PBXBuildFile; fileRef = 8F7D06331B46CF72002134AB /* FavouriteTableViewCell.m */; };
		8F7D06391B46CF72002134AB /* Listing3TableViewCell.m in Sources */ = {isa = PBXBuildFile; fileRef = 8F7D06351B46CF72002134AB /* Listing3TableViewCell.m */; };
		8F7D063A1B46CF72002134AB /* PropertyTableViewCell.m in Sources */ = {isa = PBXBuildFile; fileRef = 8F7D06371B46CF72002134AB /* PropertyTableViewCell.m */; };
		8F909D661B5D1AC900C23D34 /* AppoinmentGridCell.m in Sources */ = {isa = PBXBuildFile; fileRef = 8F909D651B5D1AC900C23D34 /* AppoinmentGridCell.m */; };
		8F9A6A0F1B58E037003F042E /* MPEditMedia.m in Sources */ = {isa = PBXBuildFile; fileRef = 8F9A6A0E1B58E037003F042E /* MPEditMedia.m */; };
		8FC3F0031B4AA7F000488D64 /* OpenSans-Bold.ttf in Resources */ = {isa = PBXBuildFile; fileRef = 8FC3EFF61B4AA7F000488D64 /* OpenSans-Bold.ttf */; };
		8FC3F0041B4AA7F000488D64 /* OpenSans-BoldItalic.ttf in Resources */ = {isa = PBXBuildFile; fileRef = 8FC3EFF71B4AA7F000488D64 /* OpenSans-BoldItalic.ttf */; };
		8FC3F0051B4AA7F000488D64 /* OpenSans-CondBold.ttf in Resources */ = {isa = PBXBuildFile; fileRef = 8FC3EFF81B4AA7F000488D64 /* OpenSans-CondBold.ttf */; };
		8FC3F0061B4AA7F000488D64 /* OpenSans-CondLight.ttf in Resources */ = {isa = PBXBuildFile; fileRef = 8FC3EFF91B4AA7F000488D64 /* OpenSans-CondLight.ttf */; };
		8FC3F0071B4AA7F000488D64 /* OpenSans-CondLightItalic.ttf in Resources */ = {isa = PBXBuildFile; fileRef = 8FC3EFFA1B4AA7F000488D64 /* OpenSans-CondLightItalic.ttf */; };
		8FC3F0081B4AA7F000488D64 /* OpenSans-ExtraBold.ttf in Resources */ = {isa = PBXBuildFile; fileRef = 8FC3EFFB1B4AA7F000488D64 /* OpenSans-ExtraBold.ttf */; };
		8FC3F0091B4AA7F000488D64 /* OpenSans-ExtraBoldItalic.ttf in Resources */ = {isa = PBXBuildFile; fileRef = 8FC3EFFC1B4AA7F000488D64 /* OpenSans-ExtraBoldItalic.ttf */; };
		8FC3F00A1B4AA7F000488D64 /* OpenSans-Italic.ttf in Resources */ = {isa = PBXBuildFile; fileRef = 8FC3EFFD1B4AA7F000488D64 /* OpenSans-Italic.ttf */; };
		8FC3F00B1B4AA7F000488D64 /* OpenSans-Light.ttf in Resources */ = {isa = PBXBuildFile; fileRef = 8FC3EFFE1B4AA7F000488D64 /* OpenSans-Light.ttf */; };
		8FC3F00C1B4AA7F000488D64 /* OpenSans-LightItalic.ttf in Resources */ = {isa = PBXBuildFile; fileRef = 8FC3EFFF1B4AA7F000488D64 /* OpenSans-LightItalic.ttf */; };
		8FC3F00D1B4AA7F000488D64 /* OpenSans-Regular.ttf in Resources */ = {isa = PBXBuildFile; fileRef = 8FC3F0001B4AA7F000488D64 /* OpenSans-Regular.ttf */; };
		8FC3F00E1B4AA7F000488D64 /* OpenSans-Semibold.ttf in Resources */ = {isa = PBXBuildFile; fileRef = 8FC3F0011B4AA7F000488D64 /* OpenSans-Semibold.ttf */; };
		8FC3F00F1B4AA7F000488D64 /* OpenSans-SemiboldItalic.ttf in Resources */ = {isa = PBXBuildFile; fileRef = 8FC3F0021B4AA7F000488D64 /* OpenSans-SemiboldItalic.ttf */; };
		8FC3F0141B4ACA1D00488D64 /* LoginViewController.m in Sources */ = {isa = PBXBuildFile; fileRef = 8FC3F0111B4ACA1D00488D64 /* LoginViewController.m */; };
		8FC3F0151B4ACA1D00488D64 /* SignupViewController.m in Sources */ = {isa = PBXBuildFile; fileRef = 8FC3F0131B4ACA1D00488D64 /* SignupViewController.m */; };
		8FC3F01A1B4ACA9C00488D64 /* FW_JsonClass.m in Sources */ = {isa = PBXBuildFile; fileRef = 8FC3F0171B4ACA9C00488D64 /* FW_JsonClass.m */; };
		8FD3BAFE1B5F698B00BABDDC /* AFDownloadRequestOperation.m in Sources */ = {isa = PBXBuildFile; fileRef = 8FD3BAE81B5F698B00BABDDC /* AFDownloadRequestOperation.m */; };
		8FD3BAFF1B5F698B00BABDDC /* AFHTTPClient.m in Sources */ = {isa = PBXBuildFile; fileRef = 8FD3BAEA1B5F698B00BABDDC /* AFHTTPClient.m */; };
		8FD3BB001B5F698B00BABDDC /* AFHTTPRequestOperation.m in Sources */ = {isa = PBXBuildFile; fileRef = 8FD3BAEC1B5F698B00BABDDC /* AFHTTPRequestOperation.m */; };
		8FD3BB011B5F698B00BABDDC /* AFImageRequestOperation.m in Sources */ = {isa = PBXBuildFile; fileRef = 8FD3BAEE1B5F698B00BABDDC /* AFImageRequestOperation.m */; };
		8FD3BB021B5F698B00BABDDC /* AFJSONRequestOperation.m in Sources */ = {isa = PBXBuildFile; fileRef = 8FD3BAF01B5F698B00BABDDC /* AFJSONRequestOperation.m */; };
		8FD3BB031B5F698B00BABDDC /* AFNetworkActivityIndicatorManager.m in Sources */ = {isa = PBXBuildFile; fileRef = 8FD3BAF21B5F698B00BABDDC /* AFNetworkActivityIndicatorManager.m */; };
		8FD3BB041B5F698B00BABDDC /* AFPropertyListRequestOperation.m in Sources */ = {isa = PBXBuildFile; fileRef = 8FD3BAF51B5F698B00BABDDC /* AFPropertyListRequestOperation.m */; };
		8FD3BB051B5F698B00BABDDC /* AFURLConnectionOperation.m in Sources */ = {isa = PBXBuildFile; fileRef = 8FD3BAF71B5F698B00BABDDC /* AFURLConnectionOperation.m */; };
		8FD3BB061B5F698B00BABDDC /* AFXMLRequestOperation.m in Sources */ = {isa = PBXBuildFile; fileRef = 8FD3BAF91B5F698B00BABDDC /* AFXMLRequestOperation.m */; };
		8FD3BB071B5F698B00BABDDC /* ALAssetsLibrary+CustomPhotoAlbum.m in Sources */ = {isa = PBXBuildFile; fileRef = 8FD3BAFB1B5F698B00BABDDC /* ALAssetsLibrary+CustomPhotoAlbum.m */; };
		8FD3BB081B5F698B00BABDDC /* UIImageView+AFNetworking.m in Sources */ = {isa = PBXBuildFile; fileRef = 8FD3BAFD1B5F698B00BABDDC /* UIImageView+AFNetworking.m */; };
		8FD3BB0B1B5FC5E300BABDDC /* InviteFriendcellTableViewCell.m in Sources */ = {isa = PBXBuildFile; fileRef = 8FD3BB0A1B5FC5E300BABDDC /* InviteFriendcellTableViewCell.m */; };
		8FD3BB0E1B5FC5F900BABDDC /* InviteFriendsViewController.m in Sources */ = {isa = PBXBuildFile; fileRef = 8FD3BB0D1B5FC5F900BABDDC /* InviteFriendsViewController.m */; };
		8FD3BB111B5FCB8A00BABDDC /* MPEditPropertyMediaZero.m in Sources */ = {isa = PBXBuildFile; fileRef = 8FD3BB101B5FCB8A00BABDDC /* MPEditPropertyMediaZero.m */; };
		8FDD234A1B4FCC0200676681 /* DashboardListCell.m in Sources */ = {isa = PBXBuildFile; fileRef = 8FDD23491B4FCC0200676681 /* DashboardListCell.m */; };
		8FDD234D1B4FCCE300676681 /* DashboardGridCell.m in Sources */ = {isa = PBXBuildFile; fileRef = 8FDD234C1B4FCCE300676681 /* DashboardGridCell.m */; };
		8FE013561B514373006FA883 /* PropertyCertificateViewController.m in Sources */ = {isa = PBXBuildFile; fileRef = 8FE013521B514373006FA883 /* PropertyCertificateViewController.m */; };
		8FE013571B514373006FA883 /* PropertyMediaViewController.m in Sources */ = {isa = PBXBuildFile; fileRef = 8FE013531B514373006FA883 /* PropertyMediaViewController.m */; };
		8FE31D3F1B6640A9003F8C8A /* MKAnnotationView+WebCache.m in Sources */ = {isa = PBXBuildFile; fileRef = 8FE31D1F1B6640A9003F8C8A /* MKAnnotationView+WebCache.m */; };
		8FE31D401B6640A9003F8C8A /* NSData+ImageContentType.m in Sources */ = {isa = PBXBuildFile; fileRef = 8FE31D211B6640A9003F8C8A /* NSData+ImageContentType.m */; };
		8FE31D411B6640A9003F8C8A /* SDImageCache.m in Sources */ = {isa = PBXBuildFile; fileRef = 8FE31D231B6640A9003F8C8A /* SDImageCache.m */; };
		8FE31D421B6640A9003F8C8A /* SDWebImageCompat.m in Sources */ = {isa = PBXBuildFile; fileRef = 8FE31D251B6640A9003F8C8A /* SDWebImageCompat.m */; };
		8FE31D431B6640A9003F8C8A /* SDWebImageDecoder.m in Sources */ = {isa = PBXBuildFile; fileRef = 8FE31D271B6640A9003F8C8A /* SDWebImageDecoder.m */; };
		8FE31D441B6640A9003F8C8A /* SDWebImageDownloader.m in Sources */ = {isa = PBXBuildFile; fileRef = 8FE31D291B6640A9003F8C8A /* SDWebImageDownloader.m */; };
		8FE31D451B6640A9003F8C8A /* SDWebImageDownloaderOperation.m in Sources */ = {isa = PBXBuildFile; fileRef = 8FE31D2B1B6640A9003F8C8A /* SDWebImageDownloaderOperation.m */; };
		8FE31D461B6640A9003F8C8A /* SDWebImageManager.m in Sources */ = {isa = PBXBuildFile; fileRef = 8FE31D2D1B6640A9003F8C8A /* SDWebImageManager.m */; };
		8FE31D471B6640A9003F8C8A /* SDWebImagePrefetcher.m in Sources */ = {isa = PBXBuildFile; fileRef = 8FE31D301B6640A9003F8C8A /* SDWebImagePrefetcher.m */; };
		8FE31D481B6640A9003F8C8A /* UIButton+WebCache.m in Sources */ = {isa = PBXBuildFile; fileRef = 8FE31D321B6640A9003F8C8A /* UIButton+WebCache.m */; };
		8FE31D491B6640A9003F8C8A /* UIImage+GIF.m in Sources */ = {isa = PBXBuildFile; fileRef = 8FE31D341B6640A9003F8C8A /* UIImage+GIF.m */; };
		8FE31D4A1B6640A9003F8C8A /* UIImage+MultiFormat.m in Sources */ = {isa = PBXBuildFile; fileRef = 8FE31D361B6640A9003F8C8A /* UIImage+MultiFormat.m */; };
		8FE31D4B1B6640A9003F8C8A /* UIImage+WebP.m in Sources */ = {isa = PBXBuildFile; fileRef = 8FE31D381B6640A9003F8C8A /* UIImage+WebP.m */; };
		8FE31D4C1B6640A9003F8C8A /* UIImageView+HighlightedWebCache.m in Sources */ = {isa = PBXBuildFile; fileRef = 8FE31D3A1B6640A9003F8C8A /* UIImageView+HighlightedWebCache.m */; };
		8FE31D4D1B6640A9003F8C8A /* UIImageView+WebCache.m in Sources */ = {isa = PBXBuildFile; fileRef = 8FE31D3C1B6640A9003F8C8A /* UIImageView+WebCache.m */; };
		8FE31D4E1B6640A9003F8C8A /* UIView+WebCacheOperation.m in Sources */ = {isa = PBXBuildFile; fileRef = 8FE31D3E1B6640A9003F8C8A /* UIView+WebCacheOperation.m */; };
		8FE4145B1B639DFD005082DE /* MPMakeAnOfferViewController.m in Sources */ = {isa = PBXBuildFile; fileRef = 8FE4145A1B639DFD005082DE /* MPMakeAnOfferViewController.m */; };
		8FE47C121B5E84330082271E /* CKCalendarView.m in Sources */ = {isa = PBXBuildFile; fileRef = 8FE47C0A1B5E84330082271E /* CKCalendarView.m */; };
		8FE47C131B5E84330082271E /* CKViewController.m in Sources */ = {isa = PBXBuildFile; fileRef = 8FE47C0D1B5E84330082271E /* CKViewController.m */; };
		8FE47C141B5E84330082271E /* left_arrow.png in Resources */ = {isa = PBXBuildFile; fileRef = 8FE47C0E1B5E84330082271E /* left_arrow.png */; };
		8FE47C151B5E84330082271E /* left_arrow@2x.png in Resources */ = {isa = PBXBuildFile; fileRef = 8FE47C0F1B5E84330082271E /* left_arrow@2x.png */; };
		8FE47C161B5E84330082271E /* right_arrow.png in Resources */ = {isa = PBXBuildFile; fileRef = 8FE47C101B5E84330082271E /* right_arrow.png */; };
		8FE47C171B5E84330082271E /* right_arrow@2x.png in Resources */ = {isa = PBXBuildFile; fileRef = 8FE47C111B5E84330082271E /* right_arrow@2x.png */; };
		8FE55F131B5CED9C00F02543 /* AppointmentCell.m in Sources */ = {isa = PBXBuildFile; fileRef = 8FE55F121B5CED9C00F02543 /* AppointmentCell.m */; };
		8FE71B5A1B6661E5008E58DF /* feedback.m in Sources */ = {isa = PBXBuildFile; fileRef = 8FE71B591B6661E5008E58DF /* feedback.m */; };
		8FEDB9311B74BA82008248DA /* ImageResize.m in Sources */ = {isa = PBXBuildFile; fileRef = 8FEDB9301B74BA82008248DA /* ImageResize.m */; };
		8FF3550C1B71DD9500067C72 /* SubCatagoryView.xib in Resources */ = {isa = PBXBuildFile; fileRef = 8FF3550B1B71DD9500067C72 /* SubCatagoryView.xib */; };
		8FF3550F1B71E4F600067C72 /* SubCatagoryView.m in Sources */ = {isa = PBXBuildFile; fileRef = 8FF3550E1B71E4F600067C72 /* SubCatagoryView.m */; };
		8FF355121B71EF8300067C72 /* MPAppointmentViewController.m in Sources */ = {isa = PBXBuildFile; fileRef = 8FF355111B71EF8300067C72 /* MPAppointmentViewController.m */; };
		8FF355151B721B0800067C72 /* MPOfferAlertsViewController.m in Sources */ = {isa = PBXBuildFile; fileRef = 8FF355141B721B0800067C72 /* MPOfferAlertsViewController.m */; };
		8FF74C4E1B69E8FC00C80355 /* MPSendToFriendViewController.m in Sources */ = {isa = PBXBuildFile; fileRef = 8FF74C4D1B69E8FC00C80355 /* MPSendToFriendViewController.m */; };
		8FF74C511B6A4F3100C80355 /* ForgotPassword.m in Sources */ = {isa = PBXBuildFile; fileRef = 8FF74C501B6A4F3100C80355 /* ForgotPassword.m */; };
		8FF74C531B6A50ED00C80355 /* SystemConfiguration.framework in Frameworks */ = {isa = PBXBuildFile; fileRef = 8FF74C521B6A50ED00C80355 /* SystemConfiguration.framework */; };
		8FF74C571B6A515300C80355 /* Reachability.m in Sources */ = {isa = PBXBuildFile; fileRef = 8FF74C561B6A515300C80355 /* Reachability.m */; };
		965F1FAC1B7DFF7D0085414F /* JPSThumbnailAnnotation.m in Sources */ = {isa = PBXBuildFile; fileRef = 965F1FA71B7DFF7D0085414F /* JPSThumbnailAnnotation.m */; };
		965F1FAD1B7DFF7D0085414F /* JPSThumbnailAnnotationView.m in Sources */ = {isa = PBXBuildFile; fileRef = 965F1FA91B7DFF7D0085414F /* JPSThumbnailAnnotationView.m */; };
		965F1FAE1B7DFF7D0085414F /* JPSThumnail.m in Sources */ = {isa = PBXBuildFile; fileRef = 965F1FAB1B7DFF7D0085414F /* JPSThumnail.m */; };
		965FA95A1B4B919D00C5440F /* FacebookSDK.framework in Frameworks */ = {isa = PBXBuildFile; fileRef = 965FA9591B4B919D00C5440F /* FacebookSDK.framework */; };
		968651391B79B71F003BB658 /* MPDashBoardViewController.m in Sources */ = {isa = PBXBuildFile; fileRef = 968651381B79B71F003BB658 /* MPDashBoardViewController.m */; };
		EE0FEDE01B9196EB007293C3 /* QuartzCore.framework in Frameworks */ = {isa = PBXBuildFile; fileRef = EE0FEDDF1B9196EB007293C3 /* QuartzCore.framework */; };
/* End PBXBuildFile section */

/* Begin PBXContainerItemProxy section */
		8F7D05CD1B4670AC002134AB /* PBXContainerItemProxy */ = {
			isa = PBXContainerItemProxy;
			containerPortal = 8F7D05A81B4670AB002134AB /* Project object */;
			proxyType = 1;
			remoteGlobalIDString = 8F7D05AF1B4670AC002134AB;
			remoteInfo = MYPROPERTY;
		};
/* End PBXContainerItemProxy section */

/* Begin PBXFileReference section */
		15541B011B5665120044918D /* list0Cell.h */ = {isa = PBXFileReference; fileEncoding = 4; lastKnownFileType = sourcecode.c.h; path = list0Cell.h; sourceTree = "<group>"; };
		15541B021B5665120044918D /* list0Cell.m */ = {isa = PBXFileReference; fileEncoding = 4; lastKnownFileType = sourcecode.c.objc; path = list0Cell.m; sourceTree = "<group>"; };
		159941C51B5793C8001AD6DA /* AddadvertisementViewController.h */ = {isa = PBXFileReference; fileEncoding = 4; lastKnownFileType = sourcecode.c.h; path = AddadvertisementViewController.h; sourceTree = "<group>"; };
		159941C61B5793C8001AD6DA /* AddadvertisementViewController.m */ = {isa = PBXFileReference; fileEncoding = 4; lastKnownFileType = sourcecode.c.objc; path = AddadvertisementViewController.m; sourceTree = "<group>"; };
		159941C81B5793FE001AD6DA /* MPEditProperty.h */ = {isa = PBXFileReference; fileEncoding = 4; lastKnownFileType = sourcecode.c.h; path = MPEditProperty.h; sourceTree = "<group>"; };
		159941C91B5793FE001AD6DA /* MPEditProperty.m */ = {isa = PBXFileReference; fileEncoding = 4; lastKnownFileType = sourcecode.c.objc; path = MPEditProperty.m; sourceTree = "<group>"; };
		15B9B8791B4D562B00D9FFB4 /* ChangePasswordViewController.h */ = {isa = PBXFileReference; fileEncoding = 4; lastKnownFileType = sourcecode.c.h; path = ChangePasswordViewController.h; sourceTree = "<group>"; };
		15B9B87A1B4D562B00D9FFB4 /* ChangePasswordViewController.m */ = {isa = PBXFileReference; fileEncoding = 4; lastKnownFileType = sourcecode.c.objc; path = ChangePasswordViewController.m; sourceTree = "<group>"; };
		15B9B87C1B4D617600D9FFB4 /* GridTableViewCell.h */ = {isa = PBXFileReference; fileEncoding = 4; lastKnownFileType = sourcecode.c.h; path = GridTableViewCell.h; sourceTree = "<group>"; };
		15B9B87D1B4D617600D9FFB4 /* GridTableViewCell.m */ = {isa = PBXFileReference; fileEncoding = 4; lastKnownFileType = sourcecode.c.objc; path = GridTableViewCell.m; sourceTree = "<group>"; };
		15B9B87F1B4D623800D9FFB4 /* GridefavouriteTableViewCell.h */ = {isa = PBXFileReference; fileEncoding = 4; lastKnownFileType = sourcecode.c.h; path = GridefavouriteTableViewCell.h; sourceTree = "<group>"; };
		15B9B8801B4D623800D9FFB4 /* GridefavouriteTableViewCell.m */ = {isa = PBXFileReference; fileEncoding = 4; lastKnownFileType = sourcecode.c.objc; path = GridefavouriteTableViewCell.m; sourceTree = "<group>"; };
		15B9B88A1B4D6C5300D9FFB4 /* LeftMenu.xib */ = {isa = PBXFileReference; fileEncoding = 4; lastKnownFileType = file.xib; path = LeftMenu.xib; sourceTree = "<group>"; };
		15B9B88B1B4D6C5300D9FFB4 /* LeftMenu.h */ = {isa = PBXFileReference; fileEncoding = 4; lastKnownFileType = sourcecode.c.h; path = LeftMenu.h; sourceTree = "<group>"; };
		15B9B88C1B4D6C5300D9FFB4 /* LeftMenu.m */ = {isa = PBXFileReference; fileEncoding = 4; lastKnownFileType = sourcecode.c.objc; path = LeftMenu.m; sourceTree = "<group>"; };
		8F4483DC1B73284C005C9F91 /* AppointmentListCell.h */ = {isa = PBXFileReference; fileEncoding = 4; lastKnownFileType = sourcecode.c.h; path = AppointmentListCell.h; sourceTree = "<group>"; };
		8F4483DD1B73284C005C9F91 /* AppointmentListCell.m */ = {isa = PBXFileReference; fileEncoding = 4; lastKnownFileType = sourcecode.c.objc; path = AppointmentListCell.m; sourceTree = "<group>"; };
		8F4483DF1B732865005C9F91 /* AppointmentGridCell.h */ = {isa = PBXFileReference; fileEncoding = 4; lastKnownFileType = sourcecode.c.h; path = AppointmentGridCell.h; sourceTree = "<group>"; };
		8F4483E01B732865005C9F91 /* AppointmentGridCell.m */ = {isa = PBXFileReference; fileEncoding = 4; lastKnownFileType = sourcecode.c.objc; path = AppointmentGridCell.m; sourceTree = "<group>"; };
		8F4483E21B73287A005C9F91 /* OfferListCell.h */ = {isa = PBXFileReference; fileEncoding = 4; lastKnownFileType = sourcecode.c.h; path = OfferListCell.h; sourceTree = "<group>"; };
		8F4483E31B73287A005C9F91 /* OfferListCell.m */ = {isa = PBXFileReference; fileEncoding = 4; lastKnownFileType = sourcecode.c.objc; path = OfferListCell.m; sourceTree = "<group>"; };
		8F4483E51B732889005C9F91 /* OfferGridCell.h */ = {isa = PBXFileReference; fileEncoding = 4; lastKnownFileType = sourcecode.c.h; path = OfferGridCell.h; sourceTree = "<group>"; };
		8F4483E61B732889005C9F91 /* OfferGridCell.m */ = {isa = PBXFileReference; fileEncoding = 4; lastKnownFileType = sourcecode.c.objc; path = OfferGridCell.m; sourceTree = "<group>"; };
		8F44E30A1B57F05C0024BD7A /* MPAddPropertyAdd.h */ = {isa = PBXFileReference; fileEncoding = 4; lastKnownFileType = sourcecode.c.h; path = MPAddPropertyAdd.h; sourceTree = "<group>"; };
		8F44E30B1B57F05C0024BD7A /* MPAddPropertyAdd.m */ = {isa = PBXFileReference; fileEncoding = 4; lastKnownFileType = sourcecode.c.objc; path = MPAddPropertyAdd.m; sourceTree = "<group>"; };
		8F4775421B60C207000271D1 /* MPMyPropertyViewController.h */ = {isa = PBXFileReference; fileEncoding = 4; lastKnownFileType = sourcecode.c.h; path = MPMyPropertyViewController.h; sourceTree = "<group>"; };
		8F4775431B60C207000271D1 /* MPMyPropertyViewController.m */ = {isa = PBXFileReference; fileEncoding = 4; lastKnownFileType = sourcecode.c.objc; path = MPMyPropertyViewController.m; sourceTree = "<group>"; };
		8F4775451B60C22A000271D1 /* MPMyAddvertisementViewController.h */ = {isa = PBXFileReference; fileEncoding = 4; lastKnownFileType = sourcecode.c.h; path = MPMyAddvertisementViewController.h; sourceTree = "<group>"; };
		8F4775461B60C22A000271D1 /* MPMyAddvertisementViewController.m */ = {isa = PBXFileReference; fileEncoding = 4; lastKnownFileType = sourcecode.c.objc; path = MPMyAddvertisementViewController.m; sourceTree = "<group>"; };
		8F5FA2971B6F4BD800003EAB /* CoreLocation.framework */ = {isa = PBXFileReference; lastKnownFileType = wrapper.framework; name = CoreLocation.framework; path = System/Library/Frameworks/CoreLocation.framework; sourceTree = SDKROOT; };
		8F7A28071B5E4BA400BC717E /* MPBookAgentViewController.h */ = {isa = PBXFileReference; fileEncoding = 4; lastKnownFileType = sourcecode.c.h; path = MPBookAgentViewController.h; sourceTree = "<group>"; };
		8F7A28081B5E4BA400BC717E /* MPBookAgentViewController.m */ = {isa = PBXFileReference; fileEncoding = 4; lastKnownFileType = sourcecode.c.objc; path = MPBookAgentViewController.m; sourceTree = "<group>"; };
		8F7A280A1B5E508F00BC717E /* BookAgentCell.h */ = {isa = PBXFileReference; fileEncoding = 4; lastKnownFileType = sourcecode.c.h; path = BookAgentCell.h; sourceTree = "<group>"; };
		8F7A280B1B5E508F00BC717E /* BookAgentCell.m */ = {isa = PBXFileReference; fileEncoding = 4; lastKnownFileType = sourcecode.c.objc; path = BookAgentCell.m; sourceTree = "<group>"; };
		8F7D05B01B4670AC002134AB /* MYPROPERTY.app */ = {isa = PBXFileReference; explicitFileType = wrapper.application; includeInIndex = 0; path = MYPROPERTY.app; sourceTree = BUILT_PRODUCTS_DIR; };
		8F7D05B41B4670AC002134AB /* Info.plist */ = {isa = PBXFileReference; lastKnownFileType = text.plist.xml; path = Info.plist; sourceTree = "<group>"; };
		8F7D05B51B4670AC002134AB /* main.m */ = {isa = PBXFileReference; lastKnownFileType = sourcecode.c.objc; path = main.m; sourceTree = "<group>"; };
		8F7D05B71B4670AC002134AB /* AppDelegate.h */ = {isa = PBXFileReference; lastKnownFileType = sourcecode.c.h; path = AppDelegate.h; sourceTree = "<group>"; };
		8F7D05B81B4670AC002134AB /* AppDelegate.m */ = {isa = PBXFileReference; lastKnownFileType = sourcecode.c.objc; path = AppDelegate.m; sourceTree = "<group>"; };
		8F7D05BB1B4670AC002134AB /* MYPROPERTY.xcdatamodel */ = {isa = PBXFileReference; lastKnownFileType = wrapper.xcdatamodel; path = MYPROPERTY.xcdatamodel; sourceTree = "<group>"; };
		8F7D05C11B4670AC002134AB /* Base */ = {isa = PBXFileReference; lastKnownFileType = file.storyboard; name = Base; path = Base.lproj/Main.storyboard; sourceTree = "<group>"; };
		8F7D05C31B4670AC002134AB /* Images.xcassets */ = {isa = PBXFileReference; lastKnownFileType = folder.assetcatalog; path = Images.xcassets; sourceTree = "<group>"; };
		8F7D05C61B4670AC002134AB /* Base */ = {isa = PBXFileReference; lastKnownFileType = file.xib; name = Base; path = Base.lproj/LaunchScreen.xib; sourceTree = "<group>"; };
		8F7D05CC1B4670AC002134AB /* MYPROPERTYTests.xctest */ = {isa = PBXFileReference; explicitFileType = wrapper.cfbundle; includeInIndex = 0; path = MYPROPERTYTests.xctest; sourceTree = BUILT_PRODUCTS_DIR; };
		8F7D05D11B4670AC002134AB /* Info.plist */ = {isa = PBXFileReference; lastKnownFileType = text.plist.xml; path = Info.plist; sourceTree = "<group>"; };
		8F7D05D21B4670AC002134AB /* MYPROPERTYTests.m */ = {isa = PBXFileReference; lastKnownFileType = sourcecode.c.objc; path = MYPROPERTYTests.m; sourceTree = "<group>"; };
		8F7D05E01B4681E1002134AB /* QFProfileViewController.h */ = {isa = PBXFileReference; fileEncoding = 4; lastKnownFileType = sourcecode.c.h; path = QFProfileViewController.h; sourceTree = "<group>"; };
		8F7D05E11B4681E1002134AB /* QFProfileViewController.m */ = {isa = PBXFileReference; fileEncoding = 4; lastKnownFileType = sourcecode.c.objc; path = QFProfileViewController.m; sourceTree = "<group>"; };
		8F7D05E31B4684E4002134AB /* RightMenu.xib */ = {isa = PBXFileReference; fileEncoding = 4; lastKnownFileType = file.xib; path = RightMenu.xib; sourceTree = "<group>"; };
		8F7D06071B468B21002134AB /* RightMenu.h */ = {isa = PBXFileReference; fileEncoding = 4; lastKnownFileType = sourcecode.c.h; path = RightMenu.h; sourceTree = "<group>"; };
		8F7D06081B468B21002134AB /* RightMenu.m */ = {isa = PBXFileReference; fileEncoding = 4; lastKnownFileType = sourcecode.c.objc; path = RightMenu.m; sourceTree = "<group>"; };
		8F7D060A1B469C1F002134AB /* MPRegisterPropertyViewController.h */ = {isa = PBXFileReference; fileEncoding = 4; lastKnownFileType = sourcecode.c.h; path = MPRegisterPropertyViewController.h; sourceTree = "<group>"; };
		8F7D060B1B469C1F002134AB /* MPRegisterPropertyViewController.m */ = {isa = PBXFileReference; fileEncoding = 4; lastKnownFileType = sourcecode.c.objc; path = MPRegisterPropertyViewController.m; sourceTree = "<group>"; };
		8F7D060D1B46A323002134AB /* MPNotificationViewController.h */ = {isa = PBXFileReference; fileEncoding = 4; lastKnownFileType = sourcecode.c.h; path = MPNotificationViewController.h; sourceTree = "<group>"; };
		8F7D060E1B46A323002134AB /* MPNotificationViewController.m */ = {isa = PBXFileReference; fileEncoding = 4; lastKnownFileType = sourcecode.c.objc; path = MPNotificationViewController.m; sourceTree = "<group>"; };
		8F7D06101B46A9FE002134AB /* NotificationCell.h */ = {isa = PBXFileReference; fileEncoding = 4; lastKnownFileType = sourcecode.c.h; path = NotificationCell.h; sourceTree = "<group>"; };
		8F7D06111B46A9FE002134AB /* NotificationCell.m */ = {isa = PBXFileReference; fileEncoding = 4; lastKnownFileType = sourcecode.c.objc; path = NotificationCell.m; sourceTree = "<group>"; };
		8F7D06131B46B784002134AB /* Footer.xib */ = {isa = PBXFileReference; fileEncoding = 4; lastKnownFileType = file.xib; path = Footer.xib; sourceTree = "<group>"; };
		8F7D06151B46BB6F002134AB /* Footer.h */ = {isa = PBXFileReference; fileEncoding = 4; lastKnownFileType = sourcecode.c.h; path = Footer.h; sourceTree = "<group>"; };
		8F7D06161B46BB6F002134AB /* Footer.m */ = {isa = PBXFileReference; fileEncoding = 4; lastKnownFileType = sourcecode.c.objc; path = Footer.m; sourceTree = "<group>"; };
		8F7D06181B46CBB6002134AB /* MapKit.framework */ = {isa = PBXFileReference; lastKnownFileType = wrapper.framework; name = MapKit.framework; path = System/Library/Frameworks/MapKit.framework; sourceTree = SDKROOT; };
		8F7D061A1B46CC3B002134AB /* Listing0ViewController.h */ = {isa = PBXFileReference; fileEncoding = 4; lastKnownFileType = sourcecode.c.h; path = Listing0ViewController.h; sourceTree = "<group>"; };
		8F7D061B1B46CC3B002134AB /* Listing0ViewController.m */ = {isa = PBXFileReference; fileEncoding = 4; lastKnownFileType = sourcecode.c.objc; path = Listing0ViewController.m; sourceTree = "<group>"; };
		8F7D061C1B46CC3B002134AB /* Listing1ViewController.h */ = {isa = PBXFileReference; fileEncoding = 4; lastKnownFileType = sourcecode.c.h; path = Listing1ViewController.h; sourceTree = "<group>"; };
		8F7D061D1B46CC3B002134AB /* Listing1ViewController.m */ = {isa = PBXFileReference; fileEncoding = 4; lastKnownFileType = sourcecode.c.objc; path = Listing1ViewController.m; sourceTree = "<group>"; };
		8F7D061E1B46CC3B002134AB /* PropertyDetails2ViewController.h */ = {isa = PBXFileReference; fileEncoding = 4; lastKnownFileType = sourcecode.c.h; path = PropertyDetails2ViewController.h; sourceTree = "<group>"; };
		8F7D061F1B46CC3B002134AB /* PropertyDetails2ViewController.m */ = {isa = PBXFileReference; fileEncoding = 4; lastKnownFileType = sourcecode.c.objc; path = PropertyDetails2ViewController.m; sourceTree = "<group>"; };
		8F7D06201B46CC3B002134AB /* SearchViewController.h */ = {isa = PBXFileReference; fileEncoding = 4; lastKnownFileType = sourcecode.c.h; path = SearchViewController.h; sourceTree = "<group>"; };
		8F7D06211B46CC3B002134AB /* SearchViewController.m */ = {isa = PBXFileReference; fileEncoding = 4; lastKnownFileType = sourcecode.c.objc; path = SearchViewController.m; sourceTree = "<group>"; };
		8F7D06261B46CF47002134AB /* FavouriteViewController.h */ = {isa = PBXFileReference; fileEncoding = 4; lastKnownFileType = sourcecode.c.h; path = FavouriteViewController.h; sourceTree = "<group>"; };
		8F7D06271B46CF47002134AB /* FavouriteViewController.m */ = {isa = PBXFileReference; fileEncoding = 4; lastKnownFileType = sourcecode.c.objc; path = FavouriteViewController.m; sourceTree = "<group>"; };
		8F7D06281B46CF47002134AB /* Listing3ViewController.h */ = {isa = PBXFileReference; fileEncoding = 4; lastKnownFileType = sourcecode.c.h; path = Listing3ViewController.h; sourceTree = "<group>"; };
		8F7D06291B46CF47002134AB /* Listing3ViewController.m */ = {isa = PBXFileReference; fileEncoding = 4; lastKnownFileType = sourcecode.c.objc; path = Listing3ViewController.m; sourceTree = "<group>"; };
		8F7D062A1B46CF47002134AB /* PropertyViewController.h */ = {isa = PBXFileReference; fileEncoding = 4; lastKnownFileType = sourcecode.c.h; path = PropertyViewController.h; sourceTree = "<group>"; };
		8F7D062B1B46CF47002134AB /* PropertyViewController.m */ = {isa = PBXFileReference; fileEncoding = 4; lastKnownFileType = sourcecode.c.objc; path = PropertyViewController.m; sourceTree = "<group>"; };
		8F7D062C1B46CF47002134AB /* ViewController.h */ = {isa = PBXFileReference; fileEncoding = 4; lastKnownFileType = sourcecode.c.h; path = ViewController.h; sourceTree = "<group>"; };
		8F7D062D1B46CF47002134AB /* ViewController.m */ = {isa = PBXFileReference; fileEncoding = 4; lastKnownFileType = sourcecode.c.objc; path = ViewController.m; sourceTree = "<group>"; };
		8F7D06321B46CF72002134AB /* FavouriteTableViewCell.h */ = {isa = PBXFileReference; fileEncoding = 4; lastKnownFileType = sourcecode.c.h; path = FavouriteTableViewCell.h; sourceTree = "<group>"; };
		8F7D06331B46CF72002134AB /* FavouriteTableViewCell.m */ = {isa = PBXFileReference; fileEncoding = 4; lastKnownFileType = sourcecode.c.objc; path = FavouriteTableViewCell.m; sourceTree = "<group>"; };
		8F7D06341B46CF72002134AB /* Listing3TableViewCell.h */ = {isa = PBXFileReference; fileEncoding = 4; lastKnownFileType = sourcecode.c.h; path = Listing3TableViewCell.h; sourceTree = "<group>"; };
		8F7D06351B46CF72002134AB /* Listing3TableViewCell.m */ = {isa = PBXFileReference; fileEncoding = 4; lastKnownFileType = sourcecode.c.objc; path = Listing3TableViewCell.m; sourceTree = "<group>"; };
		8F7D06361B46CF72002134AB /* PropertyTableViewCell.h */ = {isa = PBXFileReference; fileEncoding = 4; lastKnownFileType = sourcecode.c.h; path = PropertyTableViewCell.h; sourceTree = "<group>"; };
		8F7D06371B46CF72002134AB /* PropertyTableViewCell.m */ = {isa = PBXFileReference; fileEncoding = 4; lastKnownFileType = sourcecode.c.objc; path = PropertyTableViewCell.m; sourceTree = "<group>"; };
		8F909D641B5D1AC900C23D34 /* AppoinmentGridCell.h */ = {isa = PBXFileReference; fileEncoding = 4; lastKnownFileType = sourcecode.c.h; path = AppoinmentGridCell.h; sourceTree = "<group>"; };
		8F909D651B5D1AC900C23D34 /* AppoinmentGridCell.m */ = {isa = PBXFileReference; fileEncoding = 4; lastKnownFileType = sourcecode.c.objc; path = AppoinmentGridCell.m; sourceTree = "<group>"; };
		8F9A6A0D1B58E037003F042E /* MPEditMedia.h */ = {isa = PBXFileReference; fileEncoding = 4; lastKnownFileType = sourcecode.c.h; path = MPEditMedia.h; sourceTree = "<group>"; };
		8F9A6A0E1B58E037003F042E /* MPEditMedia.m */ = {isa = PBXFileReference; fileEncoding = 4; lastKnownFileType = sourcecode.c.objc; path = MPEditMedia.m; sourceTree = "<group>"; };
		8FC3EFF61B4AA7F000488D64 /* OpenSans-Bold.ttf */ = {isa = PBXFileReference; lastKnownFileType = file; path = "OpenSans-Bold.ttf"; sourceTree = "<group>"; };
		8FC3EFF71B4AA7F000488D64 /* OpenSans-BoldItalic.ttf */ = {isa = PBXFileReference; lastKnownFileType = file; path = "OpenSans-BoldItalic.ttf"; sourceTree = "<group>"; };
		8FC3EFF81B4AA7F000488D64 /* OpenSans-CondBold.ttf */ = {isa = PBXFileReference; lastKnownFileType = file; path = "OpenSans-CondBold.ttf"; sourceTree = "<group>"; };
		8FC3EFF91B4AA7F000488D64 /* OpenSans-CondLight.ttf */ = {isa = PBXFileReference; lastKnownFileType = file; path = "OpenSans-CondLight.ttf"; sourceTree = "<group>"; };
		8FC3EFFA1B4AA7F000488D64 /* OpenSans-CondLightItalic.ttf */ = {isa = PBXFileReference; lastKnownFileType = file; path = "OpenSans-CondLightItalic.ttf"; sourceTree = "<group>"; };
		8FC3EFFB1B4AA7F000488D64 /* OpenSans-ExtraBold.ttf */ = {isa = PBXFileReference; lastKnownFileType = file; path = "OpenSans-ExtraBold.ttf"; sourceTree = "<group>"; };
		8FC3EFFC1B4AA7F000488D64 /* OpenSans-ExtraBoldItalic.ttf */ = {isa = PBXFileReference; lastKnownFileType = file; path = "OpenSans-ExtraBoldItalic.ttf"; sourceTree = "<group>"; };
		8FC3EFFD1B4AA7F000488D64 /* OpenSans-Italic.ttf */ = {isa = PBXFileReference; lastKnownFileType = file; path = "OpenSans-Italic.ttf"; sourceTree = "<group>"; };
		8FC3EFFE1B4AA7F000488D64 /* OpenSans-Light.ttf */ = {isa = PBXFileReference; lastKnownFileType = file; path = "OpenSans-Light.ttf"; sourceTree = "<group>"; };
		8FC3EFFF1B4AA7F000488D64 /* OpenSans-LightItalic.ttf */ = {isa = PBXFileReference; lastKnownFileType = file; path = "OpenSans-LightItalic.ttf"; sourceTree = "<group>"; };
		8FC3F0001B4AA7F000488D64 /* OpenSans-Regular.ttf */ = {isa = PBXFileReference; lastKnownFileType = file; path = "OpenSans-Regular.ttf"; sourceTree = "<group>"; };
		8FC3F0011B4AA7F000488D64 /* OpenSans-Semibold.ttf */ = {isa = PBXFileReference; lastKnownFileType = file; path = "OpenSans-Semibold.ttf"; sourceTree = "<group>"; };
		8FC3F0021B4AA7F000488D64 /* OpenSans-SemiboldItalic.ttf */ = {isa = PBXFileReference; lastKnownFileType = file; path = "OpenSans-SemiboldItalic.ttf"; sourceTree = "<group>"; };
		8FC3F0101B4ACA1D00488D64 /* LoginViewController.h */ = {isa = PBXFileReference; fileEncoding = 4; lastKnownFileType = sourcecode.c.h; path = LoginViewController.h; sourceTree = "<group>"; };
		8FC3F0111B4ACA1D00488D64 /* LoginViewController.m */ = {isa = PBXFileReference; fileEncoding = 4; lastKnownFileType = sourcecode.c.objc; path = LoginViewController.m; sourceTree = "<group>"; };
		8FC3F0121B4ACA1D00488D64 /* SignupViewController.h */ = {isa = PBXFileReference; fileEncoding = 4; lastKnownFileType = sourcecode.c.h; path = SignupViewController.h; sourceTree = "<group>"; };
		8FC3F0131B4ACA1D00488D64 /* SignupViewController.m */ = {isa = PBXFileReference; fileEncoding = 4; lastKnownFileType = sourcecode.c.objc; path = SignupViewController.m; sourceTree = "<group>"; };
		8FC3F0161B4ACA9C00488D64 /* FW_JsonClass.h */ = {isa = PBXFileReference; fileEncoding = 4; lastKnownFileType = sourcecode.c.h; path = FW_JsonClass.h; sourceTree = "<group>"; };
		8FC3F0171B4ACA9C00488D64 /* FW_JsonClass.m */ = {isa = PBXFileReference; fileEncoding = 4; lastKnownFileType = sourcecode.c.objc; path = FW_JsonClass.m; sourceTree = "<group>"; };
		8FC3F0181B4ACA9C00488D64 /* RS_ios_customBlock.h */ = {isa = PBXFileReference; fileEncoding = 4; lastKnownFileType = sourcecode.c.h; path = RS_ios_customBlock.h; sourceTree = "<group>"; };
		8FC3F0191B4ACA9C00488D64 /* RS_PCH.pch */ = {isa = PBXFileReference; fileEncoding = 4; lastKnownFileType = sourcecode.c.h; path = RS_PCH.pch; sourceTree = "<group>"; };
		8FD3BAE71B5F698B00BABDDC /* AFDownloadRequestOperation.h */ = {isa = PBXFileReference; fileEncoding = 4; lastKnownFileType = sourcecode.c.h; path = AFDownloadRequestOperation.h; sourceTree = "<group>"; };
		8FD3BAE81B5F698B00BABDDC /* AFDownloadRequestOperation.m */ = {isa = PBXFileReference; fileEncoding = 4; lastKnownFileType = sourcecode.c.objc; path = AFDownloadRequestOperation.m; sourceTree = "<group>"; };
		8FD3BAE91B5F698B00BABDDC /* AFHTTPClient.h */ = {isa = PBXFileReference; fileEncoding = 4; lastKnownFileType = sourcecode.c.h; path = AFHTTPClient.h; sourceTree = "<group>"; };
		8FD3BAEA1B5F698B00BABDDC /* AFHTTPClient.m */ = {isa = PBXFileReference; fileEncoding = 4; lastKnownFileType = sourcecode.c.objc; path = AFHTTPClient.m; sourceTree = "<group>"; };
		8FD3BAEB1B5F698B00BABDDC /* AFHTTPRequestOperation.h */ = {isa = PBXFileReference; fileEncoding = 4; lastKnownFileType = sourcecode.c.h; path = AFHTTPRequestOperation.h; sourceTree = "<group>"; };
		8FD3BAEC1B5F698B00BABDDC /* AFHTTPRequestOperation.m */ = {isa = PBXFileReference; fileEncoding = 4; lastKnownFileType = sourcecode.c.objc; path = AFHTTPRequestOperation.m; sourceTree = "<group>"; };
		8FD3BAED1B5F698B00BABDDC /* AFImageRequestOperation.h */ = {isa = PBXFileReference; fileEncoding = 4; lastKnownFileType = sourcecode.c.h; path = AFImageRequestOperation.h; sourceTree = "<group>"; };
		8FD3BAEE1B5F698B00BABDDC /* AFImageRequestOperation.m */ = {isa = PBXFileReference; fileEncoding = 4; lastKnownFileType = sourcecode.c.objc; path = AFImageRequestOperation.m; sourceTree = "<group>"; };
		8FD3BAEF1B5F698B00BABDDC /* AFJSONRequestOperation.h */ = {isa = PBXFileReference; fileEncoding = 4; lastKnownFileType = sourcecode.c.h; path = AFJSONRequestOperation.h; sourceTree = "<group>"; };
		8FD3BAF01B5F698B00BABDDC /* AFJSONRequestOperation.m */ = {isa = PBXFileReference; fileEncoding = 4; lastKnownFileType = sourcecode.c.objc; path = AFJSONRequestOperation.m; sourceTree = "<group>"; };
		8FD3BAF11B5F698B00BABDDC /* AFNetworkActivityIndicatorManager.h */ = {isa = PBXFileReference; fileEncoding = 4; lastKnownFileType = sourcecode.c.h; path = AFNetworkActivityIndicatorManager.h; sourceTree = "<group>"; };
		8FD3BAF21B5F698B00BABDDC /* AFNetworkActivityIndicatorManager.m */ = {isa = PBXFileReference; fileEncoding = 4; lastKnownFileType = sourcecode.c.objc; path = AFNetworkActivityIndicatorManager.m; sourceTree = "<group>"; };
		8FD3BAF31B5F698B00BABDDC /* AFNetworking.h */ = {isa = PBXFileReference; fileEncoding = 4; lastKnownFileType = sourcecode.c.h; path = AFNetworking.h; sourceTree = "<group>"; };
		8FD3BAF41B5F698B00BABDDC /* AFPropertyListRequestOperation.h */ = {isa = PBXFileReference; fileEncoding = 4; lastKnownFileType = sourcecode.c.h; path = AFPropertyListRequestOperation.h; sourceTree = "<group>"; };
		8FD3BAF51B5F698B00BABDDC /* AFPropertyListRequestOperation.m */ = {isa = PBXFileReference; fileEncoding = 4; lastKnownFileType = sourcecode.c.objc; path = AFPropertyListRequestOperation.m; sourceTree = "<group>"; };
		8FD3BAF61B5F698B00BABDDC /* AFURLConnectionOperation.h */ = {isa = PBXFileReference; fileEncoding = 4; lastKnownFileType = sourcecode.c.h; path = AFURLConnectionOperation.h; sourceTree = "<group>"; };
		8FD3BAF71B5F698B00BABDDC /* AFURLConnectionOperation.m */ = {isa = PBXFileReference; fileEncoding = 4; lastKnownFileType = sourcecode.c.objc; path = AFURLConnectionOperation.m; sourceTree = "<group>"; };
		8FD3BAF81B5F698B00BABDDC /* AFXMLRequestOperation.h */ = {isa = PBXFileReference; fileEncoding = 4; lastKnownFileType = sourcecode.c.h; path = AFXMLRequestOperation.h; sourceTree = "<group>"; };
		8FD3BAF91B5F698B00BABDDC /* AFXMLRequestOperation.m */ = {isa = PBXFileReference; fileEncoding = 4; lastKnownFileType = sourcecode.c.objc; path = AFXMLRequestOperation.m; sourceTree = "<group>"; };
		8FD3BAFA1B5F698B00BABDDC /* ALAssetsLibrary+CustomPhotoAlbum.h */ = {isa = PBXFileReference; fileEncoding = 4; lastKnownFileType = sourcecode.c.h; path = "ALAssetsLibrary+CustomPhotoAlbum.h"; sourceTree = "<group>"; };
		8FD3BAFB1B5F698B00BABDDC /* ALAssetsLibrary+CustomPhotoAlbum.m */ = {isa = PBXFileReference; fileEncoding = 4; lastKnownFileType = sourcecode.c.objc; path = "ALAssetsLibrary+CustomPhotoAlbum.m"; sourceTree = "<group>"; };
		8FD3BAFC1B5F698B00BABDDC /* UIImageView+AFNetworking.h */ = {isa = PBXFileReference; fileEncoding = 4; lastKnownFileType = sourcecode.c.h; path = "UIImageView+AFNetworking.h"; sourceTree = "<group>"; };
		8FD3BAFD1B5F698B00BABDDC /* UIImageView+AFNetworking.m */ = {isa = PBXFileReference; fileEncoding = 4; lastKnownFileType = sourcecode.c.objc; path = "UIImageView+AFNetworking.m"; sourceTree = "<group>"; };
		8FD3BB091B5FC5E300BABDDC /* InviteFriendcellTableViewCell.h */ = {isa = PBXFileReference; fileEncoding = 4; lastKnownFileType = sourcecode.c.h; path = InviteFriendcellTableViewCell.h; sourceTree = "<group>"; };
		8FD3BB0A1B5FC5E300BABDDC /* InviteFriendcellTableViewCell.m */ = {isa = PBXFileReference; fileEncoding = 4; lastKnownFileType = sourcecode.c.objc; path = InviteFriendcellTableViewCell.m; sourceTree = "<group>"; };
		8FD3BB0C1B5FC5F900BABDDC /* InviteFriendsViewController.h */ = {isa = PBXFileReference; fileEncoding = 4; lastKnownFileType = sourcecode.c.h; path = InviteFriendsViewController.h; sourceTree = "<group>"; };
		8FD3BB0D1B5FC5F900BABDDC /* InviteFriendsViewController.m */ = {isa = PBXFileReference; fileEncoding = 4; lastKnownFileType = sourcecode.c.objc; path = InviteFriendsViewController.m; sourceTree = "<group>"; };
		8FD3BB0F1B5FCB8A00BABDDC /* MPEditPropertyMediaZero.h */ = {isa = PBXFileReference; fileEncoding = 4; lastKnownFileType = sourcecode.c.h; path = MPEditPropertyMediaZero.h; sourceTree = "<group>"; };
		8FD3BB101B5FCB8A00BABDDC /* MPEditPropertyMediaZero.m */ = {isa = PBXFileReference; fileEncoding = 4; lastKnownFileType = sourcecode.c.objc; path = MPEditPropertyMediaZero.m; sourceTree = "<group>"; };
		8FDD23481B4FCC0200676681 /* DashboardListCell.h */ = {isa = PBXFileReference; fileEncoding = 4; lastKnownFileType = sourcecode.c.h; path = DashboardListCell.h; sourceTree = "<group>"; };
		8FDD23491B4FCC0200676681 /* DashboardListCell.m */ = {isa = PBXFileReference; fileEncoding = 4; lastKnownFileType = sourcecode.c.objc; path = DashboardListCell.m; sourceTree = "<group>"; };
		8FDD234B1B4FCCE300676681 /* DashboardGridCell.h */ = {isa = PBXFileReference; fileEncoding = 4; lastKnownFileType = sourcecode.c.h; path = DashboardGridCell.h; sourceTree = "<group>"; };
		8FDD234C1B4FCCE300676681 /* DashboardGridCell.m */ = {isa = PBXFileReference; fileEncoding = 4; lastKnownFileType = sourcecode.c.objc; path = DashboardGridCell.m; sourceTree = "<group>"; };
		8FE013521B514373006FA883 /* PropertyCertificateViewController.m */ = {isa = PBXFileReference; fileEncoding = 4; lastKnownFileType = sourcecode.c.objc; path = PropertyCertificateViewController.m; sourceTree = "<group>"; };
		8FE013531B514373006FA883 /* PropertyMediaViewController.m */ = {isa = PBXFileReference; fileEncoding = 4; lastKnownFileType = sourcecode.c.objc; path = PropertyMediaViewController.m; sourceTree = "<group>"; };
		8FE013541B514373006FA883 /* PropertyMediaViewController.h */ = {isa = PBXFileReference; fileEncoding = 4; lastKnownFileType = sourcecode.c.h; path = PropertyMediaViewController.h; sourceTree = "<group>"; };
		8FE013551B514373006FA883 /* PropertyCertificateViewController.h */ = {isa = PBXFileReference; fileEncoding = 4; lastKnownFileType = sourcecode.c.h; path = PropertyCertificateViewController.h; sourceTree = "<group>"; };
		8FE31D1E1B6640A9003F8C8A /* MKAnnotationView+WebCache.h */ = {isa = PBXFileReference; fileEncoding = 4; lastKnownFileType = sourcecode.c.h; path = "MKAnnotationView+WebCache.h"; sourceTree = "<group>"; };
		8FE31D1F1B6640A9003F8C8A /* MKAnnotationView+WebCache.m */ = {isa = PBXFileReference; fileEncoding = 4; lastKnownFileType = sourcecode.c.objc; path = "MKAnnotationView+WebCache.m"; sourceTree = "<group>"; };
		8FE31D201B6640A9003F8C8A /* NSData+ImageContentType.h */ = {isa = PBXFileReference; fileEncoding = 4; lastKnownFileType = sourcecode.c.h; path = "NSData+ImageContentType.h"; sourceTree = "<group>"; };
		8FE31D211B6640A9003F8C8A /* NSData+ImageContentType.m */ = {isa = PBXFileReference; fileEncoding = 4; lastKnownFileType = sourcecode.c.objc; path = "NSData+ImageContentType.m"; sourceTree = "<group>"; };
		8FE31D221B6640A9003F8C8A /* SDImageCache.h */ = {isa = PBXFileReference; fileEncoding = 4; lastKnownFileType = sourcecode.c.h; path = SDImageCache.h; sourceTree = "<group>"; };
		8FE31D231B6640A9003F8C8A /* SDImageCache.m */ = {isa = PBXFileReference; fileEncoding = 4; lastKnownFileType = sourcecode.c.objc; path = SDImageCache.m; sourceTree = "<group>"; };
		8FE31D241B6640A9003F8C8A /* SDWebImageCompat.h */ = {isa = PBXFileReference; fileEncoding = 4; lastKnownFileType = sourcecode.c.h; path = SDWebImageCompat.h; sourceTree = "<group>"; };
		8FE31D251B6640A9003F8C8A /* SDWebImageCompat.m */ = {isa = PBXFileReference; fileEncoding = 4; lastKnownFileType = sourcecode.c.objc; path = SDWebImageCompat.m; sourceTree = "<group>"; };
		8FE31D261B6640A9003F8C8A /* SDWebImageDecoder.h */ = {isa = PBXFileReference; fileEncoding = 4; lastKnownFileType = sourcecode.c.h; path = SDWebImageDecoder.h; sourceTree = "<group>"; };
		8FE31D271B6640A9003F8C8A /* SDWebImageDecoder.m */ = {isa = PBXFileReference; fileEncoding = 4; lastKnownFileType = sourcecode.c.objc; path = SDWebImageDecoder.m; sourceTree = "<group>"; };
		8FE31D281B6640A9003F8C8A /* SDWebImageDownloader.h */ = {isa = PBXFileReference; fileEncoding = 4; lastKnownFileType = sourcecode.c.h; path = SDWebImageDownloader.h; sourceTree = "<group>"; };
		8FE31D291B6640A9003F8C8A /* SDWebImageDownloader.m */ = {isa = PBXFileReference; fileEncoding = 4; lastKnownFileType = sourcecode.c.objc; path = SDWebImageDownloader.m; sourceTree = "<group>"; };
		8FE31D2A1B6640A9003F8C8A /* SDWebImageDownloaderOperation.h */ = {isa = PBXFileReference; fileEncoding = 4; lastKnownFileType = sourcecode.c.h; path = SDWebImageDownloaderOperation.h; sourceTree = "<group>"; };
		8FE31D2B1B6640A9003F8C8A /* SDWebImageDownloaderOperation.m */ = {isa = PBXFileReference; fileEncoding = 4; lastKnownFileType = sourcecode.c.objc; path = SDWebImageDownloaderOperation.m; sourceTree = "<group>"; };
		8FE31D2C1B6640A9003F8C8A /* SDWebImageManager.h */ = {isa = PBXFileReference; fileEncoding = 4; lastKnownFileType = sourcecode.c.h; path = SDWebImageManager.h; sourceTree = "<group>"; };
		8FE31D2D1B6640A9003F8C8A /* SDWebImageManager.m */ = {isa = PBXFileReference; fileEncoding = 4; lastKnownFileType = sourcecode.c.objc; path = SDWebImageManager.m; sourceTree = "<group>"; };
		8FE31D2E1B6640A9003F8C8A /* SDWebImageOperation.h */ = {isa = PBXFileReference; fileEncoding = 4; lastKnownFileType = sourcecode.c.h; path = SDWebImageOperation.h; sourceTree = "<group>"; };
		8FE31D2F1B6640A9003F8C8A /* SDWebImagePrefetcher.h */ = {isa = PBXFileReference; fileEncoding = 4; lastKnownFileType = sourcecode.c.h; path = SDWebImagePrefetcher.h; sourceTree = "<group>"; };
		8FE31D301B6640A9003F8C8A /* SDWebImagePrefetcher.m */ = {isa = PBXFileReference; fileEncoding = 4; lastKnownFileType = sourcecode.c.objc; path = SDWebImagePrefetcher.m; sourceTree = "<group>"; };
		8FE31D311B6640A9003F8C8A /* UIButton+WebCache.h */ = {isa = PBXFileReference; fileEncoding = 4; lastKnownFileType = sourcecode.c.h; path = "UIButton+WebCache.h"; sourceTree = "<group>"; };
		8FE31D321B6640A9003F8C8A /* UIButton+WebCache.m */ = {isa = PBXFileReference; fileEncoding = 4; lastKnownFileType = sourcecode.c.objc; path = "UIButton+WebCache.m"; sourceTree = "<group>"; };
		8FE31D331B6640A9003F8C8A /* UIImage+GIF.h */ = {isa = PBXFileReference; fileEncoding = 4; lastKnownFileType = sourcecode.c.h; path = "UIImage+GIF.h"; sourceTree = "<group>"; };
		8FE31D341B6640A9003F8C8A /* UIImage+GIF.m */ = {isa = PBXFileReference; fileEncoding = 4; lastKnownFileType = sourcecode.c.objc; path = "UIImage+GIF.m"; sourceTree = "<group>"; };
		8FE31D351B6640A9003F8C8A /* UIImage+MultiFormat.h */ = {isa = PBXFileReference; fileEncoding = 4; lastKnownFileType = sourcecode.c.h; path = "UIImage+MultiFormat.h"; sourceTree = "<group>"; };
		8FE31D361B6640A9003F8C8A /* UIImage+MultiFormat.m */ = {isa = PBXFileReference; fileEncoding = 4; lastKnownFileType = sourcecode.c.objc; path = "UIImage+MultiFormat.m"; sourceTree = "<group>"; };
		8FE31D371B6640A9003F8C8A /* UIImage+WebP.h */ = {isa = PBXFileReference; fileEncoding = 4; lastKnownFileType = sourcecode.c.h; path = "UIImage+WebP.h"; sourceTree = "<group>"; };
		8FE31D381B6640A9003F8C8A /* UIImage+WebP.m */ = {isa = PBXFileReference; fileEncoding = 4; lastKnownFileType = sourcecode.c.objc; path = "UIImage+WebP.m"; sourceTree = "<group>"; };
		8FE31D391B6640A9003F8C8A /* UIImageView+HighlightedWebCache.h */ = {isa = PBXFileReference; fileEncoding = 4; lastKnownFileType = sourcecode.c.h; path = "UIImageView+HighlightedWebCache.h"; sourceTree = "<group>"; };
		8FE31D3A1B6640A9003F8C8A /* UIImageView+HighlightedWebCache.m */ = {isa = PBXFileReference; fileEncoding = 4; lastKnownFileType = sourcecode.c.objc; path = "UIImageView+HighlightedWebCache.m"; sourceTree = "<group>"; };
		8FE31D3B1B6640A9003F8C8A /* UIImageView+WebCache.h */ = {isa = PBXFileReference; fileEncoding = 4; lastKnownFileType = sourcecode.c.h; path = "UIImageView+WebCache.h"; sourceTree = "<group>"; };
		8FE31D3C1B6640A9003F8C8A /* UIImageView+WebCache.m */ = {isa = PBXFileReference; fileEncoding = 4; lastKnownFileType = sourcecode.c.objc; path = "UIImageView+WebCache.m"; sourceTree = "<group>"; };
		8FE31D3D1B6640A9003F8C8A /* UIView+WebCacheOperation.h */ = {isa = PBXFileReference; fileEncoding = 4; lastKnownFileType = sourcecode.c.h; path = "UIView+WebCacheOperation.h"; sourceTree = "<group>"; };
		8FE31D3E1B6640A9003F8C8A /* UIView+WebCacheOperation.m */ = {isa = PBXFileReference; fileEncoding = 4; lastKnownFileType = sourcecode.c.objc; path = "UIView+WebCacheOperation.m"; sourceTree = "<group>"; };
		8FE414591B639DFD005082DE /* MPMakeAnOfferViewController.h */ = {isa = PBXFileReference; fileEncoding = 4; lastKnownFileType = sourcecode.c.h; path = MPMakeAnOfferViewController.h; sourceTree = "<group>"; };
		8FE4145A1B639DFD005082DE /* MPMakeAnOfferViewController.m */ = {isa = PBXFileReference; fileEncoding = 4; lastKnownFileType = sourcecode.c.objc; path = MPMakeAnOfferViewController.m; sourceTree = "<group>"; };
		8FE47C0A1B5E84330082271E /* CKCalendarView.m */ = {isa = PBXFileReference; fileEncoding = 4; lastKnownFileType = sourcecode.c.objc; path = CKCalendarView.m; sourceTree = "<group>"; };
		8FE47C0B1B5E84330082271E /* CKCalendarView.h */ = {isa = PBXFileReference; fileEncoding = 4; lastKnownFileType = sourcecode.c.h; path = CKCalendarView.h; sourceTree = "<group>"; };
		8FE47C0C1B5E84330082271E /* CKViewController.h */ = {isa = PBXFileReference; fileEncoding = 4; lastKnownFileType = sourcecode.c.h; path = CKViewController.h; sourceTree = "<group>"; };
		8FE47C0D1B5E84330082271E /* CKViewController.m */ = {isa = PBXFileReference; fileEncoding = 4; lastKnownFileType = sourcecode.c.objc; path = CKViewController.m; sourceTree = "<group>"; };
		8FE47C0E1B5E84330082271E /* left_arrow.png */ = {isa = PBXFileReference; lastKnownFileType = image.png; path = left_arrow.png; sourceTree = "<group>"; };
		8FE47C0F1B5E84330082271E /* left_arrow@2x.png */ = {isa = PBXFileReference; lastKnownFileType = image.png; path = "left_arrow@2x.png"; sourceTree = "<group>"; };
		8FE47C101B5E84330082271E /* right_arrow.png */ = {isa = PBXFileReference; lastKnownFileType = image.png; path = right_arrow.png; sourceTree = "<group>"; };
		8FE47C111B5E84330082271E /* right_arrow@2x.png */ = {isa = PBXFileReference; lastKnownFileType = image.png; path = "right_arrow@2x.png"; sourceTree = "<group>"; };
		8FE55F111B5CED9C00F02543 /* AppointmentCell.h */ = {isa = PBXFileReference; fileEncoding = 4; lastKnownFileType = sourcecode.c.h; path = AppointmentCell.h; sourceTree = "<group>"; };
		8FE55F121B5CED9C00F02543 /* AppointmentCell.m */ = {isa = PBXFileReference; fileEncoding = 4; lastKnownFileType = sourcecode.c.objc; path = AppointmentCell.m; sourceTree = "<group>"; };
		8FE71B581B6661E5008E58DF /* feedback.h */ = {isa = PBXFileReference; fileEncoding = 4; lastKnownFileType = sourcecode.c.h; path = feedback.h; sourceTree = "<group>"; };
		8FE71B591B6661E5008E58DF /* feedback.m */ = {isa = PBXFileReference; fileEncoding = 4; lastKnownFileType = sourcecode.c.objc; path = feedback.m; sourceTree = "<group>"; };
		8FEDB92F1B74BA82008248DA /* ImageResize.h */ = {isa = PBXFileReference; fileEncoding = 4; lastKnownFileType = sourcecode.c.h; path = ImageResize.h; sourceTree = "<group>"; };
		8FEDB9301B74BA82008248DA /* ImageResize.m */ = {isa = PBXFileReference; fileEncoding = 4; lastKnownFileType = sourcecode.c.objc; path = ImageResize.m; sourceTree = "<group>"; };
		8FF3550B1B71DD9500067C72 /* SubCatagoryView.xib */ = {isa = PBXFileReference; fileEncoding = 4; lastKnownFileType = file.xib; path = SubCatagoryView.xib; sourceTree = "<group>"; };
		8FF3550D1B71E4F600067C72 /* SubCatagoryView.h */ = {isa = PBXFileReference; fileEncoding = 4; lastKnownFileType = sourcecode.c.h; path = SubCatagoryView.h; sourceTree = "<group>"; };
		8FF3550E1B71E4F600067C72 /* SubCatagoryView.m */ = {isa = PBXFileReference; fileEncoding = 4; lastKnownFileType = sourcecode.c.objc; path = SubCatagoryView.m; sourceTree = "<group>"; };
		8FF355101B71EF8300067C72 /* MPAppointmentViewController.h */ = {isa = PBXFileReference; fileEncoding = 4; lastKnownFileType = sourcecode.c.h; path = MPAppointmentViewController.h; sourceTree = "<group>"; };
		8FF355111B71EF8300067C72 /* MPAppointmentViewController.m */ = {isa = PBXFileReference; fileEncoding = 4; lastKnownFileType = sourcecode.c.objc; path = MPAppointmentViewController.m; sourceTree = "<group>"; wrapsLines = 0; };
		8FF355131B721B0800067C72 /* MPOfferAlertsViewController.h */ = {isa = PBXFileReference; fileEncoding = 4; lastKnownFileType = sourcecode.c.h; path = MPOfferAlertsViewController.h; sourceTree = "<group>"; };
		8FF355141B721B0800067C72 /* MPOfferAlertsViewController.m */ = {isa = PBXFileReference; fileEncoding = 4; lastKnownFileType = sourcecode.c.objc; path = MPOfferAlertsViewController.m; sourceTree = "<group>"; };
		8FF74C4C1B69E8FC00C80355 /* MPSendToFriendViewController.h */ = {isa = PBXFileReference; fileEncoding = 4; lastKnownFileType = sourcecode.c.h; path = MPSendToFriendViewController.h; sourceTree = "<group>"; };
		8FF74C4D1B69E8FC00C80355 /* MPSendToFriendViewController.m */ = {isa = PBXFileReference; fileEncoding = 4; lastKnownFileType = sourcecode.c.objc; path = MPSendToFriendViewController.m; sourceTree = "<group>"; };
		8FF74C4F1B6A4F3100C80355 /* ForgotPassword.h */ = {isa = PBXFileReference; fileEncoding = 4; lastKnownFileType = sourcecode.c.h; path = ForgotPassword.h; sourceTree = "<group>"; };
		8FF74C501B6A4F3100C80355 /* ForgotPassword.m */ = {isa = PBXFileReference; fileEncoding = 4; lastKnownFileType = sourcecode.c.objc; path = ForgotPassword.m; sourceTree = "<group>"; };
		8FF74C521B6A50ED00C80355 /* SystemConfiguration.framework */ = {isa = PBXFileReference; lastKnownFileType = wrapper.framework; name = SystemConfiguration.framework; path = System/Library/Frameworks/SystemConfiguration.framework; sourceTree = SDKROOT; };
		8FF74C551B6A515300C80355 /* Reachability.h */ = {isa = PBXFileReference; fileEncoding = 4; lastKnownFileType = sourcecode.c.h; path = Reachability.h; sourceTree = "<group>"; };
		8FF74C561B6A515300C80355 /* Reachability.m */ = {isa = PBXFileReference; fileEncoding = 4; lastKnownFileType = sourcecode.c.objc; path = Reachability.m; sourceTree = "<group>"; };
		965F1FA61B7DFF7D0085414F /* JPSThumbnailAnnotation.h */ = {isa = PBXFileReference; fileEncoding = 4; lastKnownFileType = sourcecode.c.h; path = JPSThumbnailAnnotation.h; sourceTree = "<group>"; };
		965F1FA71B7DFF7D0085414F /* JPSThumbnailAnnotation.m */ = {isa = PBXFileReference; fileEncoding = 4; lastKnownFileType = sourcecode.c.objc; path = JPSThumbnailAnnotation.m; sourceTree = "<group>"; };
		965F1FA81B7DFF7D0085414F /* JPSThumbnailAnnotationView.h */ = {isa = PBXFileReference; fileEncoding = 4; lastKnownFileType = sourcecode.c.h; path = JPSThumbnailAnnotationView.h; sourceTree = "<group>"; };
		965F1FA91B7DFF7D0085414F /* JPSThumbnailAnnotationView.m */ = {isa = PBXFileReference; fileEncoding = 4; lastKnownFileType = sourcecode.c.objc; path = JPSThumbnailAnnotationView.m; sourceTree = "<group>"; };
		965F1FAA1B7DFF7D0085414F /* JPSThumbnail.h */ = {isa = PBXFileReference; fileEncoding = 4; lastKnownFileType = sourcecode.c.h; path = JPSThumbnail.h; sourceTree = "<group>"; };
		965F1FAB1B7DFF7D0085414F /* JPSThumnail.m */ = {isa = PBXFileReference; fileEncoding = 4; lastKnownFileType = sourcecode.c.objc; path = JPSThumnail.m; sourceTree = "<group>"; };
		965FA9591B4B919D00C5440F /* FacebookSDK.framework */ = {isa = PBXFileReference; lastKnownFileType = wrapper.framework; path = FacebookSDK.framework; sourceTree = "<group>"; };
		968651371B79B71F003BB658 /* MPDashBoardViewController.h */ = {isa = PBXFileReference; fileEncoding = 4; lastKnownFileType = sourcecode.c.h; path = MPDashBoardViewController.h; sourceTree = "<group>"; };
		968651381B79B71F003BB658 /* MPDashBoardViewController.m */ = {isa = PBXFileReference; fileEncoding = 4; lastKnownFileType = sourcecode.c.objc; path = MPDashBoardViewController.m; sourceTree = "<group>"; };
		EE0FEDDF1B9196EB007293C3 /* QuartzCore.framework */ = {isa = PBXFileReference; lastKnownFileType = wrapper.framework; name = QuartzCore.framework; path = System/Library/Frameworks/QuartzCore.framework; sourceTree = SDKROOT; };
/* End PBXFileReference section */

/* Begin PBXFrameworksBuildPhase section */
		8F7D05AD1B4670AC002134AB /* Frameworks */ = {
			isa = PBXFrameworksBuildPhase;
			buildActionMask = 2147483647;
			files = (
				EE0FEDE01B9196EB007293C3 /* QuartzCore.framework in Frameworks */,
				8F5FA2981B6F4BD800003EAB /* CoreLocation.framework in Frameworks */,
				8FF74C531B6A50ED00C80355 /* SystemConfiguration.framework in Frameworks */,
				8F7D06191B46CBB6002134AB /* MapKit.framework in Frameworks */,
				965FA95A1B4B919D00C5440F /* FacebookSDK.framework in Frameworks */,
			);
			runOnlyForDeploymentPostprocessing = 0;
		};
		8F7D05C91B4670AC002134AB /* Frameworks */ = {
			isa = PBXFrameworksBuildPhase;
			buildActionMask = 2147483647;
			files = (
			);
			runOnlyForDeploymentPostprocessing = 0;
		};
/* End PBXFrameworksBuildPhase section */

/* Begin PBXGroup section */
		8F7D05A71B4670AB002134AB = {
			isa = PBXGroup;
			children = (
				EE0FEDDF1B9196EB007293C3 /* QuartzCore.framework */,
				8F5FA2971B6F4BD800003EAB /* CoreLocation.framework */,
				8FF74C521B6A50ED00C80355 /* SystemConfiguration.framework */,
				965FA9591B4B919D00C5440F /* FacebookSDK.framework */,
				8F7D06181B46CBB6002134AB /* MapKit.framework */,
				8F7D05B21B4670AC002134AB /* MYPROPERTY */,
				8F7D05CF1B4670AC002134AB /* MYPROPERTYTests */,
				8F7D05B11B4670AC002134AB /* Products */,
			);
			sourceTree = "<group>";
		};
		8F7D05B11B4670AC002134AB /* Products */ = {
			isa = PBXGroup;
			children = (
				8F7D05B01B4670AC002134AB /* MYPROPERTY.app */,
				8F7D05CC1B4670AC002134AB /* MYPROPERTYTests.xctest */,
			);
			name = Products;
			sourceTree = "<group>";
		};
		8F7D05B21B4670AC002134AB /* MYPROPERTY */ = {
			isa = PBXGroup;
			children = (
				965F1FA51B7DFF590085414F /* JPSthumnailannotation */,
				8FEDB92E1B74BA69008248DA /* ImageResize */,
				8FF74C541B6A512900C80355 /* NetworkCheck */,
				8FE31D1D1B664087003F8C8A /* SDWebImage */,
				8FD3BAE61B5F695600BABDDC /* AFNetwork */,
				8FE47C091B5E837B0082271E /* CKCalender */,
				8F7D05DE1B4670E0002134AB /* TableViewCells */,
				8F7D05DD1B4670D6002134AB /* Views */,
				8F7D05DC1B4670C1002134AB /* Classes */,
				8F7D05B71B4670AC002134AB /* AppDelegate.h */,
				8F7D05B81B4670AC002134AB /* AppDelegate.m */,
				8F7D05C01B4670AC002134AB /* Main.storyboard */,
				8F7D05C31B4670AC002134AB /* Images.xcassets */,
				8F7D05C51B4670AC002134AB /* LaunchScreen.xib */,
				8F7D05BA1B4670AC002134AB /* MYPROPERTY.xcdatamodeld */,
				8F7D05B31B4670AC002134AB /* Supporting Files */,
			);
			path = MYPROPERTY;
			sourceTree = "<group>";
		};
		8F7D05B31B4670AC002134AB /* Supporting Files */ = {
			isa = PBXGroup;
			children = (
				8FC3EFF51B4A813B00488D64 /* Fonts */,
				8F7D05B41B4670AC002134AB /* Info.plist */,
				8F7D05B51B4670AC002134AB /* main.m */,
			);
			name = "Supporting Files";
			sourceTree = "<group>";
		};
		8F7D05CF1B4670AC002134AB /* MYPROPERTYTests */ = {
			isa = PBXGroup;
			children = (
				8F7D05D21B4670AC002134AB /* MYPROPERTYTests.m */,
				8F7D05D01B4670AC002134AB /* Supporting Files */,
			);
			path = MYPROPERTYTests;
			sourceTree = "<group>";
		};
		8F7D05D01B4670AC002134AB /* Supporting Files */ = {
			isa = PBXGroup;
			children = (
				8F7D05D11B4670AC002134AB /* Info.plist */,
			);
			name = "Supporting Files";
			sourceTree = "<group>";
		};
		8F7D05DC1B4670C1002134AB /* Classes */ = {
			isa = PBXGroup;
			children = (
				8FD3BB0C1B5FC5F900BABDDC /* InviteFriendsViewController.h */,
				8FD3BB0D1B5FC5F900BABDDC /* InviteFriendsViewController.m */,
				8F9A6A0D1B58E037003F042E /* MPEditMedia.h */,
				8F9A6A0E1B58E037003F042E /* MPEditMedia.m */,
				8F44E30A1B57F05C0024BD7A /* MPAddPropertyAdd.h */,
				8F44E30B1B57F05C0024BD7A /* MPAddPropertyAdd.m */,
				159941C81B5793FE001AD6DA /* MPEditProperty.h */,
				159941C91B5793FE001AD6DA /* MPEditProperty.m */,
				159941C51B5793C8001AD6DA /* AddadvertisementViewController.h */,
				159941C61B5793C8001AD6DA /* AddadvertisementViewController.m */,
				8FC3F0161B4ACA9C00488D64 /* FW_JsonClass.h */,
				8FC3F0171B4ACA9C00488D64 /* FW_JsonClass.m */,
				8FC3F0181B4ACA9C00488D64 /* RS_ios_customBlock.h */,
				8FC3F0191B4ACA9C00488D64 /* RS_PCH.pch */,
				8FC3F0101B4ACA1D00488D64 /* LoginViewController.h */,
				8FC3F0111B4ACA1D00488D64 /* LoginViewController.m */,
				15B9B8791B4D562B00D9FFB4 /* ChangePasswordViewController.h */,
				15B9B87A1B4D562B00D9FFB4 /* ChangePasswordViewController.m */,
				8FE71B581B6661E5008E58DF /* feedback.h */,
				8FE71B591B6661E5008E58DF /* feedback.m */,
				8F7D062C1B46CF47002134AB /* ViewController.h */,
				8F7D062D1B46CF47002134AB /* ViewController.m */,
				8FD3BB0F1B5FCB8A00BABDDC /* MPEditPropertyMediaZero.h */,
				8FD3BB101B5FCB8A00BABDDC /* MPEditPropertyMediaZero.m */,
				8FC3F0121B4ACA1D00488D64 /* SignupViewController.h */,
				8FC3F0131B4ACA1D00488D64 /* SignupViewController.m */,
				8F7D06261B46CF47002134AB /* FavouriteViewController.h */,
				8F7D06271B46CF47002134AB /* FavouriteViewController.m */,
				8F7D06281B46CF47002134AB /* Listing3ViewController.h */,
				8F7D06291B46CF47002134AB /* Listing3ViewController.m */,
				8F7D062A1B46CF47002134AB /* PropertyViewController.h */,
				8F7D062B1B46CF47002134AB /* PropertyViewController.m */,
				8F7D061A1B46CC3B002134AB /* Listing0ViewController.h */,
				8F7D061B1B46CC3B002134AB /* Listing0ViewController.m */,
				8F7D061C1B46CC3B002134AB /* Listing1ViewController.h */,
				8F7D061D1B46CC3B002134AB /* Listing1ViewController.m */,
				8F7D061E1B46CC3B002134AB /* PropertyDetails2ViewController.h */,
				8F7D061F1B46CC3B002134AB /* PropertyDetails2ViewController.m */,
				8F7D06201B46CC3B002134AB /* SearchViewController.h */,
				8F7D06211B46CC3B002134AB /* SearchViewController.m */,
				8F7D05E01B4681E1002134AB /* QFProfileViewController.h */,
				8F7D05E11B4681E1002134AB /* QFProfileViewController.m */,
				8F7D060A1B469C1F002134AB /* MPRegisterPropertyViewController.h */,
				8F7D060B1B469C1F002134AB /* MPRegisterPropertyViewController.m */,
				8FE013541B514373006FA883 /* PropertyMediaViewController.h */,
				8FE013531B514373006FA883 /* PropertyMediaViewController.m */,
				8FE013551B514373006FA883 /* PropertyCertificateViewController.h */,
				8FE013521B514373006FA883 /* PropertyCertificateViewController.m */,
				8F7D060D1B46A323002134AB /* MPNotificationViewController.h */,
				8F7D060E1B46A323002134AB /* MPNotificationViewController.m */,
				8F7A28071B5E4BA400BC717E /* MPBookAgentViewController.h */,
				8F7A28081B5E4BA400BC717E /* MPBookAgentViewController.m */,
				8F4775421B60C207000271D1 /* MPMyPropertyViewController.h */,
				8F4775431B60C207000271D1 /* MPMyPropertyViewController.m */,
				8F4775451B60C22A000271D1 /* MPMyAddvertisementViewController.h */,
				8F4775461B60C22A000271D1 /* MPMyAddvertisementViewController.m */,
				8FE414591B639DFD005082DE /* MPMakeAnOfferViewController.h */,
				8FE4145A1B639DFD005082DE /* MPMakeAnOfferViewController.m */,
				8FF74C4C1B69E8FC00C80355 /* MPSendToFriendViewController.h */,
				8FF74C4D1B69E8FC00C80355 /* MPSendToFriendViewController.m */,
				8FF74C4F1B6A4F3100C80355 /* ForgotPassword.h */,
				8FF74C501B6A4F3100C80355 /* ForgotPassword.m */,
				8FF355101B71EF8300067C72 /* MPAppointmentViewController.h */,
				8FF355111B71EF8300067C72 /* MPAppointmentViewController.m */,
				8FF355131B721B0800067C72 /* MPOfferAlertsViewController.h */,
				8FF355141B721B0800067C72 /* MPOfferAlertsViewController.m */,
				968651371B79B71F003BB658 /* MPDashBoardViewController.h */,
				968651381B79B71F003BB658 /* MPDashBoardViewController.m */,
			);
			name = Classes;
			sourceTree = "<group>";
		};
		8F7D05DD1B4670D6002134AB /* Views */ = {
			isa = PBXGroup;
			children = (
				8F7D05E31B4684E4002134AB /* RightMenu.xib */,
				8F7D06071B468B21002134AB /* RightMenu.h */,
				8F7D06081B468B21002134AB /* RightMenu.m */,
				8F7D06131B46B784002134AB /* Footer.xib */,
				8F7D06151B46BB6F002134AB /* Footer.h */,
				8F7D06161B46BB6F002134AB /* Footer.m */,
				15B9B88A1B4D6C5300D9FFB4 /* LeftMenu.xib */,
				15B9B88B1B4D6C5300D9FFB4 /* LeftMenu.h */,
				15B9B88C1B4D6C5300D9FFB4 /* LeftMenu.m */,
				8FF3550B1B71DD9500067C72 /* SubCatagoryView.xib */,
				8FF3550D1B71E4F600067C72 /* SubCatagoryView.h */,
				8FF3550E1B71E4F600067C72 /* SubCatagoryView.m */,
			);
			name = Views;
			sourceTree = "<group>";
		};
		8F7D05DE1B4670E0002134AB /* TableViewCells */ = {
			isa = PBXGroup;
			children = (
				8FD3BB091B5FC5E300BABDDC /* InviteFriendcellTableViewCell.h */,
				8FD3BB0A1B5FC5E300BABDDC /* InviteFriendcellTableViewCell.m */,
				15B9B87C1B4D617600D9FFB4 /* GridTableViewCell.h */,
				15B9B87D1B4D617600D9FFB4 /* GridTableViewCell.m */,
				15B9B87F1B4D623800D9FFB4 /* GridefavouriteTableViewCell.h */,
				15B9B8801B4D623800D9FFB4 /* GridefavouriteTableViewCell.m */,
				8F7D06321B46CF72002134AB /* FavouriteTableViewCell.h */,
				8F7D06331B46CF72002134AB /* FavouriteTableViewCell.m */,
				8F7D06341B46CF72002134AB /* Listing3TableViewCell.h */,
				8F7D06351B46CF72002134AB /* Listing3TableViewCell.m */,
				8F7D06361B46CF72002134AB /* PropertyTableViewCell.h */,
				8F7D06371B46CF72002134AB /* PropertyTableViewCell.m */,
				8F7D06101B46A9FE002134AB /* NotificationCell.h */,
				8F7D06111B46A9FE002134AB /* NotificationCell.m */,
				8FDD23481B4FCC0200676681 /* DashboardListCell.h */,
				8FDD23491B4FCC0200676681 /* DashboardListCell.m */,
				8FDD234B1B4FCCE300676681 /* DashboardGridCell.h */,
				8FDD234C1B4FCCE300676681 /* DashboardGridCell.m */,
				15541B011B5665120044918D /* list0Cell.h */,
				15541B021B5665120044918D /* list0Cell.m */,
				8FE55F111B5CED9C00F02543 /* AppointmentCell.h */,
				8FE55F121B5CED9C00F02543 /* AppointmentCell.m */,
				8F909D641B5D1AC900C23D34 /* AppoinmentGridCell.h */,
				8F909D651B5D1AC900C23D34 /* AppoinmentGridCell.m */,
				8F7A280A1B5E508F00BC717E /* BookAgentCell.h */,
				8F7A280B1B5E508F00BC717E /* BookAgentCell.m */,
				8F4483DC1B73284C005C9F91 /* AppointmentListCell.h */,
				8F4483DD1B73284C005C9F91 /* AppointmentListCell.m */,
				8F4483DF1B732865005C9F91 /* AppointmentGridCell.h */,
				8F4483E01B732865005C9F91 /* AppointmentGridCell.m */,
				8F4483E21B73287A005C9F91 /* OfferListCell.h */,
				8F4483E31B73287A005C9F91 /* OfferListCell.m */,
				8F4483E51B732889005C9F91 /* OfferGridCell.h */,
				8F4483E61B732889005C9F91 /* OfferGridCell.m */,
			);
			name = TableViewCells;
			sourceTree = "<group>";
		};
		8FC3EFF51B4A813B00488D64 /* Fonts */ = {
			isa = PBXGroup;
			children = (
				8FC3EFF61B4AA7F000488D64 /* OpenSans-Bold.ttf */,
				8FC3EFF71B4AA7F000488D64 /* OpenSans-BoldItalic.ttf */,
				8FC3EFF81B4AA7F000488D64 /* OpenSans-CondBold.ttf */,
				8FC3EFF91B4AA7F000488D64 /* OpenSans-CondLight.ttf */,
				8FC3EFFA1B4AA7F000488D64 /* OpenSans-CondLightItalic.ttf */,
				8FC3EFFB1B4AA7F000488D64 /* OpenSans-ExtraBold.ttf */,
				8FC3EFFC1B4AA7F000488D64 /* OpenSans-ExtraBoldItalic.ttf */,
				8FC3EFFD1B4AA7F000488D64 /* OpenSans-Italic.ttf */,
				8FC3EFFE1B4AA7F000488D64 /* OpenSans-Light.ttf */,
				8FC3EFFF1B4AA7F000488D64 /* OpenSans-LightItalic.ttf */,
				8FC3F0001B4AA7F000488D64 /* OpenSans-Regular.ttf */,
				8FC3F0011B4AA7F000488D64 /* OpenSans-Semibold.ttf */,
				8FC3F0021B4AA7F000488D64 /* OpenSans-SemiboldItalic.ttf */,
			);
			name = Fonts;
			sourceTree = "<group>";
		};
		8FD3BAE61B5F695600BABDDC /* AFNetwork */ = {
			isa = PBXGroup;
			children = (
				8FD3BAE71B5F698B00BABDDC /* AFDownloadRequestOperation.h */,
				8FD3BAE81B5F698B00BABDDC /* AFDownloadRequestOperation.m */,
				8FD3BAE91B5F698B00BABDDC /* AFHTTPClient.h */,
				8FD3BAEA1B5F698B00BABDDC /* AFHTTPClient.m */,
				8FD3BAEB1B5F698B00BABDDC /* AFHTTPRequestOperation.h */,
				8FD3BAEC1B5F698B00BABDDC /* AFHTTPRequestOperation.m */,
				8FD3BAED1B5F698B00BABDDC /* AFImageRequestOperation.h */,
				8FD3BAEE1B5F698B00BABDDC /* AFImageRequestOperation.m */,
				8FD3BAEF1B5F698B00BABDDC /* AFJSONRequestOperation.h */,
				8FD3BAF01B5F698B00BABDDC /* AFJSONRequestOperation.m */,
				8FD3BAF11B5F698B00BABDDC /* AFNetworkActivityIndicatorManager.h */,
				8FD3BAF21B5F698B00BABDDC /* AFNetworkActivityIndicatorManager.m */,
				8FD3BAF31B5F698B00BABDDC /* AFNetworking.h */,
				8FD3BAF41B5F698B00BABDDC /* AFPropertyListRequestOperation.h */,
				8FD3BAF51B5F698B00BABDDC /* AFPropertyListRequestOperation.m */,
				8FD3BAF61B5F698B00BABDDC /* AFURLConnectionOperation.h */,
				8FD3BAF71B5F698B00BABDDC /* AFURLConnectionOperation.m */,
				8FD3BAF81B5F698B00BABDDC /* AFXMLRequestOperation.h */,
				8FD3BAF91B5F698B00BABDDC /* AFXMLRequestOperation.m */,
				8FD3BAFA1B5F698B00BABDDC /* ALAssetsLibrary+CustomPhotoAlbum.h */,
				8FD3BAFB1B5F698B00BABDDC /* ALAssetsLibrary+CustomPhotoAlbum.m */,
				8FD3BAFC1B5F698B00BABDDC /* UIImageView+AFNetworking.h */,
				8FD3BAFD1B5F698B00BABDDC /* UIImageView+AFNetworking.m */,
			);
			name = AFNetwork;
			sourceTree = "<group>";
		};
		8FE31D1D1B664087003F8C8A /* SDWebImage */ = {
			isa = PBXGroup;
			children = (
				8FE31D1E1B6640A9003F8C8A /* MKAnnotationView+WebCache.h */,
				8FE31D1F1B6640A9003F8C8A /* MKAnnotationView+WebCache.m */,
				8FE31D201B6640A9003F8C8A /* NSData+ImageContentType.h */,
				8FE31D211B6640A9003F8C8A /* NSData+ImageContentType.m */,
				8FE31D221B6640A9003F8C8A /* SDImageCache.h */,
				8FE31D231B6640A9003F8C8A /* SDImageCache.m */,
				8FE31D241B6640A9003F8C8A /* SDWebImageCompat.h */,
				8FE31D251B6640A9003F8C8A /* SDWebImageCompat.m */,
				8FE31D261B6640A9003F8C8A /* SDWebImageDecoder.h */,
				8FE31D271B6640A9003F8C8A /* SDWebImageDecoder.m */,
				8FE31D281B6640A9003F8C8A /* SDWebImageDownloader.h */,
				8FE31D291B6640A9003F8C8A /* SDWebImageDownloader.m */,
				8FE31D2A1B6640A9003F8C8A /* SDWebImageDownloaderOperation.h */,
				8FE31D2B1B6640A9003F8C8A /* SDWebImageDownloaderOperation.m */,
				8FE31D2C1B6640A9003F8C8A /* SDWebImageManager.h */,
				8FE31D2D1B6640A9003F8C8A /* SDWebImageManager.m */,
				8FE31D2E1B6640A9003F8C8A /* SDWebImageOperation.h */,
				8FE31D2F1B6640A9003F8C8A /* SDWebImagePrefetcher.h */,
				8FE31D301B6640A9003F8C8A /* SDWebImagePrefetcher.m */,
				8FE31D311B6640A9003F8C8A /* UIButton+WebCache.h */,
				8FE31D321B6640A9003F8C8A /* UIButton+WebCache.m */,
				8FE31D331B6640A9003F8C8A /* UIImage+GIF.h */,
				8FE31D341B6640A9003F8C8A /* UIImage+GIF.m */,
				8FE31D351B6640A9003F8C8A /* UIImage+MultiFormat.h */,
				8FE31D361B6640A9003F8C8A /* UIImage+MultiFormat.m */,
				8FE31D371B6640A9003F8C8A /* UIImage+WebP.h */,
				8FE31D381B6640A9003F8C8A /* UIImage+WebP.m */,
				8FE31D391B6640A9003F8C8A /* UIImageView+HighlightedWebCache.h */,
				8FE31D3A1B6640A9003F8C8A /* UIImageView+HighlightedWebCache.m */,
				8FE31D3B1B6640A9003F8C8A /* UIImageView+WebCache.h */,
				8FE31D3C1B6640A9003F8C8A /* UIImageView+WebCache.m */,
				8FE31D3D1B6640A9003F8C8A /* UIView+WebCacheOperation.h */,
				8FE31D3E1B6640A9003F8C8A /* UIView+WebCacheOperation.m */,
			);
			name = SDWebImage;
			sourceTree = "<group>";
		};
		8FE47C091B5E837B0082271E /* CKCalender */ = {
			isa = PBXGroup;
			children = (
				8FE47C0A1B5E84330082271E /* CKCalendarView.m */,
				8FE47C0B1B5E84330082271E /* CKCalendarView.h */,
				8FE47C0C1B5E84330082271E /* CKViewController.h */,
				8FE47C0D1B5E84330082271E /* CKViewController.m */,
				8FE47C0E1B5E84330082271E /* left_arrow.png */,
				8FE47C0F1B5E84330082271E /* left_arrow@2x.png */,
				8FE47C101B5E84330082271E /* right_arrow.png */,
				8FE47C111B5E84330082271E /* right_arrow@2x.png */,
			);
			name = CKCalender;
			sourceTree = "<group>";
		};
		8FEDB92E1B74BA69008248DA /* ImageResize */ = {
			isa = PBXGroup;
			children = (
				8FEDB92F1B74BA82008248DA /* ImageResize.h */,
				8FEDB9301B74BA82008248DA /* ImageResize.m */,
			);
			name = ImageResize;
			sourceTree = "<group>";
		};
		8FF74C541B6A512900C80355 /* NetworkCheck */ = {
			isa = PBXGroup;
			children = (
				8FF74C551B6A515300C80355 /* Reachability.h */,
				8FF74C561B6A515300C80355 /* Reachability.m */,
			);
			name = NetworkCheck;
			sourceTree = "<group>";
		};
		965F1FA51B7DFF590085414F /* JPSthumnailannotation */ = {
			isa = PBXGroup;
			children = (
				965F1FA61B7DFF7D0085414F /* JPSThumbnailAnnotation.h */,
				965F1FA71B7DFF7D0085414F /* JPSThumbnailAnnotation.m */,
				965F1FA81B7DFF7D0085414F /* JPSThumbnailAnnotationView.h */,
				965F1FA91B7DFF7D0085414F /* JPSThumbnailAnnotationView.m */,
				965F1FAA1B7DFF7D0085414F /* JPSThumbnail.h */,
				965F1FAB1B7DFF7D0085414F /* JPSThumnail.m */,
			);
			name = JPSthumnailannotation;
			sourceTree = "<group>";
		};
/* End PBXGroup section */

/* Begin PBXNativeTarget section */
		8F7D05AF1B4670AC002134AB /* MYPROPERTY */ = {
			isa = PBXNativeTarget;
			buildConfigurationList = 8F7D05D61B4670AC002134AB /* Build configuration list for PBXNativeTarget "MYPROPERTY" */;
			buildPhases = (
				8F7D05AC1B4670AC002134AB /* Sources */,
				8F7D05AD1B4670AC002134AB /* Frameworks */,
				8F7D05AE1B4670AC002134AB /* Resources */,
			);
			buildRules = (
			);
			dependencies = (
			);
			name = MYPROPERTY;
			productName = MYPROPERTY;
			productReference = 8F7D05B01B4670AC002134AB /* MYPROPERTY.app */;
			productType = "com.apple.product-type.application";
		};
		8F7D05CB1B4670AC002134AB /* MYPROPERTYTests */ = {
			isa = PBXNativeTarget;
			buildConfigurationList = 8F7D05D91B4670AC002134AB /* Build configuration list for PBXNativeTarget "MYPROPERTYTests" */;
			buildPhases = (
				8F7D05C81B4670AC002134AB /* Sources */,
				8F7D05C91B4670AC002134AB /* Frameworks */,
				8F7D05CA1B4670AC002134AB /* Resources */,
			);
			buildRules = (
			);
			dependencies = (
				8F7D05CE1B4670AC002134AB /* PBXTargetDependency */,
			);
			name = MYPROPERTYTests;
			productName = MYPROPERTYTests;
			productReference = 8F7D05CC1B4670AC002134AB /* MYPROPERTYTests.xctest */;
			productType = "com.apple.product-type.bundle.unit-test";
		};
/* End PBXNativeTarget section */

/* Begin PBXProject section */
		8F7D05A81B4670AB002134AB /* Project object */ = {
			isa = PBXProject;
			attributes = {
				LastUpgradeCheck = 0620;
				ORGANIZATIONNAME = Esolz;
				TargetAttributes = {
					8F7D05AF1B4670AC002134AB = {
						CreatedOnToolsVersion = 6.2;
					};
					8F7D05CB1B4670AC002134AB = {
						CreatedOnToolsVersion = 6.2;
						TestTargetID = 8F7D05AF1B4670AC002134AB;
					};
				};
			};
			buildConfigurationList = 8F7D05AB1B4670AB002134AB /* Build configuration list for PBXProject "MYPROPERTY" */;
			compatibilityVersion = "Xcode 3.2";
			developmentRegion = English;
			hasScannedForEncodings = 0;
			knownRegions = (
				en,
				Base,
			);
			mainGroup = 8F7D05A71B4670AB002134AB;
			productRefGroup = 8F7D05B11B4670AC002134AB /* Products */;
			projectDirPath = "";
			projectRoot = "";
			targets = (
				8F7D05AF1B4670AC002134AB /* MYPROPERTY */,
				8F7D05CB1B4670AC002134AB /* MYPROPERTYTests */,
			);
		};
/* End PBXProject section */

/* Begin PBXResourcesBuildPhase section */
		8F7D05AE1B4670AC002134AB /* Resources */ = {
			isa = PBXResourcesBuildPhase;
			buildActionMask = 2147483647;
			files = (
				8F7D05C21B4670AC002134AB /* Main.storyboard in Resources */,
				8FC3F0081B4AA7F000488D64 /* OpenSans-ExtraBold.ttf in Resources */,
				8FE47C161B5E84330082271E /* right_arrow.png in Resources */,
				8FC3F00B1B4AA7F000488D64 /* OpenSans-Light.ttf in Resources */,
				8FE47C171B5E84330082271E /* right_arrow@2x.png in Resources */,
				8F7D05E41B4684E4002134AB /* RightMenu.xib in Resources */,
				8FC3F0051B4AA7F000488D64 /* OpenSans-CondBold.ttf in Resources */,
				8FC3F00A1B4AA7F000488D64 /* OpenSans-Italic.ttf in Resources */,
				8FC3F00D1B4AA7F000488D64 /* OpenSans-Regular.ttf in Resources */,
				15B9B88D1B4D6C5300D9FFB4 /* LeftMenu.xib in Resources */,
				8FC3F0031B4AA7F000488D64 /* OpenSans-Bold.ttf in Resources */,
				8FF3550C1B71DD9500067C72 /* SubCatagoryView.xib in Resources */,
				8FC3F0071B4AA7F000488D64 /* OpenSans-CondLightItalic.ttf in Resources */,
				8FC3F0041B4AA7F000488D64 /* OpenSans-BoldItalic.ttf in Resources */,
				8FC3F00F1B4AA7F000488D64 /* OpenSans-SemiboldItalic.ttf in Resources */,
				8FC3F0091B4AA7F000488D64 /* OpenSans-ExtraBoldItalic.ttf in Resources */,
				8FC3F0061B4AA7F000488D64 /* OpenSans-CondLight.ttf in Resources */,
				8FE47C151B5E84330082271E /* left_arrow@2x.png in Resources */,
				8F7D05C71B4670AC002134AB /* LaunchScreen.xib in Resources */,
				8F7D06141B46B785002134AB /* Footer.xib in Resources */,
				8F7D05C41B4670AC002134AB /* Images.xcassets in Resources */,
				8FC3F00C1B4AA7F000488D64 /* OpenSans-LightItalic.ttf in Resources */,
				8FE47C141B5E84330082271E /* left_arrow.png in Resources */,
				8FC3F00E1B4AA7F000488D64 /* OpenSans-Semibold.ttf in Resources */,
			);
			runOnlyForDeploymentPostprocessing = 0;
		};
		8F7D05CA1B4670AC002134AB /* Resources */ = {
			isa = PBXResourcesBuildPhase;
			buildActionMask = 2147483647;
			files = (
			);
			runOnlyForDeploymentPostprocessing = 0;
		};
/* End PBXResourcesBuildPhase section */

/* Begin PBXSourcesBuildPhase section */
		8F7D05AC1B4670AC002134AB /* Sources */ = {
			isa = PBXSourcesBuildPhase;
			buildActionMask = 2147483647;
			files = (
				8F7D06311B46CF47002134AB /* ViewController.m in Sources */,
				8FE47C131B5E84330082271E /* CKViewController.m in Sources */,
				8FD3BB001B5F698B00BABDDC /* AFHTTPRequestOperation.m in Sources */,
				8F4483E71B732889005C9F91 /* OfferGridCell.m in Sources */,
				15B9B87B1B4D562B00D9FFB4 /* ChangePasswordViewController.m in Sources */,
				8F7D06221B46CC3B002134AB /* Listing0ViewController.m in Sources */,
				8F7D06251B46CC3B002134AB /* SearchViewController.m in Sources */,
				8FE013561B514373006FA883 /* PropertyCertificateViewController.m in Sources */,
				8FE31D481B6640A9003F8C8A /* UIButton+WebCache.m in Sources */,
				8FE31D451B6640A9003F8C8A /* SDWebImageDownloaderOperation.m in Sources */,
				968651391B79B71F003BB658 /* MPDashBoardViewController.m in Sources */,
				8F7D05BC1B4670AC002134AB /* MYPROPERTY.xcdatamodeld in Sources */,
				8FC3F0151B4ACA1D00488D64 /* SignupViewController.m in Sources */,
				8FE71B5A1B6661E5008E58DF /* feedback.m in Sources */,
				8FDD234D1B4FCCE300676681 /* DashboardGridCell.m in Sources */,
				8F7D060F1B46A323002134AB /* MPNotificationViewController.m in Sources */,
				15B9B8811B4D623800D9FFB4 /* GridefavouriteTableViewCell.m in Sources */,
				8FD3BB0B1B5FC5E300BABDDC /* InviteFriendcellTableViewCell.m in Sources */,
				159941C71B5793C8001AD6DA /* AddadvertisementViewController.m in Sources */,
				8FE31D4A1B6640A9003F8C8A /* UIImage+MultiFormat.m in Sources */,
				15B9B88E1B4D6C5300D9FFB4 /* LeftMenu.m in Sources */,
				8FF355121B71EF8300067C72 /* MPAppointmentViewController.m in Sources */,
				8FD3BB021B5F698B00BABDDC /* AFJSONRequestOperation.m in Sources */,
				8F7A28091B5E4BA400BC717E /* MPBookAgentViewController.m in Sources */,
				8FD3BB071B5F698B00BABDDC /* ALAssetsLibrary+CustomPhotoAlbum.m in Sources */,
				8FD3BB061B5F698B00BABDDC /* AFXMLRequestOperation.m in Sources */,
				8FE4145B1B639DFD005082DE /* MPMakeAnOfferViewController.m in Sources */,
				8F909D661B5D1AC900C23D34 /* AppoinmentGridCell.m in Sources */,
				8FE31D4E1B6640A9003F8C8A /* UIView+WebCacheOperation.m in Sources */,
				15B9B87E1B4D617600D9FFB4 /* GridTableViewCell.m in Sources */,
				8FDD234A1B4FCC0200676681 /* DashboardListCell.m in Sources */,
				8FF74C4E1B69E8FC00C80355 /* MPSendToFriendViewController.m in Sources */,
				8FD3BB031B5F698B00BABDDC /* AFNetworkActivityIndicatorManager.m in Sources */,
				8F7D062E1B46CF47002134AB /* FavouriteViewController.m in Sources */,
				8F7D063A1B46CF72002134AB /* PropertyTableViewCell.m in Sources */,
				8FD3BAFF1B5F698B00BABDDC /* AFHTTPClient.m in Sources */,
				8FE31D401B6640A9003F8C8A /* NSData+ImageContentType.m in Sources */,
				8FE31D4D1B6640A9003F8C8A /* UIImageView+WebCache.m in Sources */,
				8F7A280C1B5E508F00BC717E /* BookAgentCell.m in Sources */,
				8FE31D3F1B6640A9003F8C8A /* MKAnnotationView+WebCache.m in Sources */,
				8F4775441B60C207000271D1 /* MPMyPropertyViewController.m in Sources */,
				8F4483E41B73287A005C9F91 /* OfferListCell.m in Sources */,
				8F4775471B60C22A000271D1 /* MPMyAddvertisementViewController.m in Sources */,
				8FE55F131B5CED9C00F02543 /* AppointmentCell.m in Sources */,
				8F44E30C1B57F05C0024BD7A /* MPAddPropertyAdd.m in Sources */,
				965F1FAC1B7DFF7D0085414F /* JPSThumbnailAnnotation.m in Sources */,
				8F7D060C1B469C1F002134AB /* MPRegisterPropertyViewController.m in Sources */,
				8FE31D461B6640A9003F8C8A /* SDWebImageManager.m in Sources */,
				8F7D06091B468B21002134AB /* RightMenu.m in Sources */,
				8F9A6A0F1B58E037003F042E /* MPEditMedia.m in Sources */,
				8F7D06391B46CF72002134AB /* Listing3TableViewCell.m in Sources */,
				8F7D06301B46CF47002134AB /* PropertyViewController.m in Sources */,
				8FE31D491B6640A9003F8C8A /* UIImage+GIF.m in Sources */,
				8FF3550F1B71E4F600067C72 /* SubCatagoryView.m in Sources */,
				8FC3F0141B4ACA1D00488D64 /* LoginViewController.m in Sources */,
				8FE31D421B6640A9003F8C8A /* SDWebImageCompat.m in Sources */,
				8F7D06121B46A9FE002134AB /* NotificationCell.m in Sources */,
				15541B031B5665120044918D /* list0Cell.m in Sources */,
				8FE47C121B5E84330082271E /* CKCalendarView.m in Sources */,
				8FE31D4C1B6640A9003F8C8A /* UIImageView+HighlightedWebCache.m in Sources */,
				159941CA1B5793FE001AD6DA /* MPEditProperty.m in Sources */,
				8F7D05B91B4670AC002134AB /* AppDelegate.m in Sources */,
				8FD3BB011B5F698B00BABDDC /* AFImageRequestOperation.m in Sources */,
				8F7D062F1B46CF47002134AB /* Listing3ViewController.m in Sources */,
				8F7D05B61B4670AC002134AB /* main.m in Sources */,
				8FD3BB081B5F698B00BABDDC /* UIImageView+AFNetworking.m in Sources */,
				8F4483DE1B73284C005C9F91 /* AppointmentListCell.m in Sources */,
				8FF74C511B6A4F3100C80355 /* ForgotPassword.m in Sources */,
				8F7D06171B46BB6F002134AB /* Footer.m in Sources */,
				8FE31D431B6640A9003F8C8A /* SDWebImageDecoder.m in Sources */,
				8FD3BB111B5FCB8A00BABDDC /* MPEditPropertyMediaZero.m in Sources */,
				8FF355151B721B0800067C72 /* MPOfferAlertsViewController.m in Sources */,
				8F7D05E21B4681E1002134AB /* QFProfileViewController.m in Sources */,
				8FD3BB051B5F698B00BABDDC /* AFURLConnectionOperation.m in Sources */,
				8FC3F01A1B4ACA9C00488D64 /* FW_JsonClass.m in Sources */,
				8FE31D411B6640A9003F8C8A /* SDImageCache.m in Sources */,
				8FE31D471B6640A9003F8C8A /* SDWebImagePrefetcher.m in Sources */,
				8FE31D441B6640A9003F8C8A /* SDWebImageDownloader.m in Sources */,
				8FEDB9311B74BA82008248DA /* ImageResize.m in Sources */,
				8FE31D4B1B6640A9003F8C8A /* UIImage+WebP.m in Sources */,
				8FD3BB0E1B5FC5F900BABDDC /* InviteFriendsViewController.m in Sources */,
				8FE013571B514373006FA883 /* PropertyMediaViewController.m in Sources */,
				8FF74C571B6A515300C80355 /* Reachability.m in Sources */,
				8FD3BAFE1B5F698B00BABDDC /* AFDownloadRequestOperation.m in Sources */,
				965F1FAE1B7DFF7D0085414F /* JPSThumnail.m in Sources */,
				8F7D06241B46CC3B002134AB /* PropertyDetails2ViewController.m in Sources */,
				8F7D06231B46CC3B002134AB /* Listing1ViewController.m in Sources */,
				965F1FAD1B7DFF7D0085414F /* JPSThumbnailAnnotationView.m in Sources */,
				8FD3BB041B5F698B00BABDDC /* AFPropertyListRequestOperation.m in Sources */,
				8F7D06381B46CF72002134AB /* FavouriteTableViewCell.m in Sources */,
				8F4483E11B732865005C9F91 /* AppointmentGridCell.m in Sources */,
			);
			runOnlyForDeploymentPostprocessing = 0;
		};
		8F7D05C81B4670AC002134AB /* Sources */ = {
			isa = PBXSourcesBuildPhase;
			buildActionMask = 2147483647;
			files = (
				8F7D05D31B4670AC002134AB /* MYPROPERTYTests.m in Sources */,
			);
			runOnlyForDeploymentPostprocessing = 0;
		};
/* End PBXSourcesBuildPhase section */

/* Begin PBXTargetDependency section */
		8F7D05CE1B4670AC002134AB /* PBXTargetDependency */ = {
			isa = PBXTargetDependency;
			target = 8F7D05AF1B4670AC002134AB /* MYPROPERTY */;
			targetProxy = 8F7D05CD1B4670AC002134AB /* PBXContainerItemProxy */;
		};
/* End PBXTargetDependency section */

/* Begin PBXVariantGroup section */
		8F7D05C01B4670AC002134AB /* Main.storyboard */ = {
			isa = PBXVariantGroup;
			children = (
				8F7D05C11B4670AC002134AB /* Base */,
			);
			name = Main.storyboard;
			sourceTree = "<group>";
		};
		8F7D05C51B4670AC002134AB /* LaunchScreen.xib */ = {
			isa = PBXVariantGroup;
			children = (
				8F7D05C61B4670AC002134AB /* Base */,
			);
			name = LaunchScreen.xib;
			sourceTree = "<group>";
		};
/* End PBXVariantGroup section */

/* Begin XCBuildConfiguration section */
		8F7D05D41B4670AC002134AB /* Debug */ = {
			isa = XCBuildConfiguration;
			buildSettings = {
				ALWAYS_SEARCH_USER_PATHS = NO;
				CLANG_CXX_LANGUAGE_STANDARD = "gnu++0x";
				CLANG_CXX_LIBRARY = "libc++";
				CLANG_ENABLE_MODULES = YES;
				CLANG_ENABLE_OBJC_ARC = YES;
				CLANG_WARN_BOOL_CONVERSION = YES;
				CLANG_WARN_CONSTANT_CONVERSION = YES;
				CLANG_WARN_DIRECT_OBJC_ISA_USAGE = YES_ERROR;
				CLANG_WARN_EMPTY_BODY = YES;
				CLANG_WARN_ENUM_CONVERSION = YES;
				CLANG_WARN_INT_CONVERSION = YES;
				CLANG_WARN_OBJC_ROOT_CLASS = YES_ERROR;
				CLANG_WARN_UNREACHABLE_CODE = YES;
				CLANG_WARN__DUPLICATE_METHOD_MATCH = YES;
				"CODE_SIGN_IDENTITY[sdk=iphoneos*]" = "iPhone Developer";
				COPY_PHASE_STRIP = NO;
				ENABLE_STRICT_OBJC_MSGSEND = YES;
				GCC_C_LANGUAGE_STANDARD = gnu99;
				GCC_DYNAMIC_NO_PIC = NO;
				GCC_OPTIMIZATION_LEVEL = 0;
				GCC_PREPROCESSOR_DEFINITIONS = (
					"DEBUG=1",
					"$(inherited)",
				);
				GCC_SYMBOLS_PRIVATE_EXTERN = NO;
				GCC_WARN_64_TO_32_BIT_CONVERSION = YES;
				GCC_WARN_ABOUT_RETURN_TYPE = YES_ERROR;
				GCC_WARN_UNDECLARED_SELECTOR = YES;
				GCC_WARN_UNINITIALIZED_AUTOS = YES_AGGRESSIVE;
				GCC_WARN_UNUSED_FUNCTION = YES;
				GCC_WARN_UNUSED_VARIABLE = YES;
				IPHONEOS_DEPLOYMENT_TARGET = 8.2;
				MTL_ENABLE_DEBUG_INFO = YES;
				ONLY_ACTIVE_ARCH = YES;
				SDKROOT = iphoneos;
				TARGETED_DEVICE_FAMILY = "1,2";
			};
			name = Debug;
		};
		8F7D05D51B4670AC002134AB /* Release */ = {
			isa = XCBuildConfiguration;
			buildSettings = {
				ALWAYS_SEARCH_USER_PATHS = NO;
				CLANG_CXX_LANGUAGE_STANDARD = "gnu++0x";
				CLANG_CXX_LIBRARY = "libc++";
				CLANG_ENABLE_MODULES = YES;
				CLANG_ENABLE_OBJC_ARC = YES;
				CLANG_WARN_BOOL_CONVERSION = YES;
				CLANG_WARN_CONSTANT_CONVERSION = YES;
				CLANG_WARN_DIRECT_OBJC_ISA_USAGE = YES_ERROR;
				CLANG_WARN_EMPTY_BODY = YES;
				CLANG_WARN_ENUM_CONVERSION = YES;
				CLANG_WARN_INT_CONVERSION = YES;
				CLANG_WARN_OBJC_ROOT_CLASS = YES_ERROR;
				CLANG_WARN_UNREACHABLE_CODE = YES;
				CLANG_WARN__DUPLICATE_METHOD_MATCH = YES;
				"CODE_SIGN_IDENTITY[sdk=iphoneos*]" = "iPhone Developer";
				COPY_PHASE_STRIP = NO;
				ENABLE_NS_ASSERTIONS = NO;
				ENABLE_STRICT_OBJC_MSGSEND = YES;
				GCC_C_LANGUAGE_STANDARD = gnu99;
				GCC_WARN_64_TO_32_BIT_CONVERSION = YES;
				GCC_WARN_ABOUT_RETURN_TYPE = YES_ERROR;
				GCC_WARN_UNDECLARED_SELECTOR = YES;
				GCC_WARN_UNINITIALIZED_AUTOS = YES_AGGRESSIVE;
				GCC_WARN_UNUSED_FUNCTION = YES;
				GCC_WARN_UNUSED_VARIABLE = YES;
				IPHONEOS_DEPLOYMENT_TARGET = 8.2;
				MTL_ENABLE_DEBUG_INFO = NO;
				SDKROOT = iphoneos;
				TARGETED_DEVICE_FAMILY = "1,2";
				VALIDATE_PRODUCT = YES;
			};
			name = Release;
		};
		8F7D05D71B4670AC002134AB /* Debug */ = {
			isa = XCBuildConfiguration;
			buildSettings = {
				ASSETCATALOG_COMPILER_APPICON_NAME = AppIcon;
				FRAMEWORK_SEARCH_PATHS = (
					"$(inherited)",
					"$(PROJECT_DIR)",
				);
				INFOPLIST_FILE = MYPROPERTY/Info.plist;
				IPHONEOS_DEPLOYMENT_TARGET = 8.0;
				LD_RUNPATH_SEARCH_PATHS = "$(inherited) @executable_path/Frameworks";
				PRODUCT_NAME = "$(TARGET_NAME)";
			};
			name = Debug;
		};
		8F7D05D81B4670AC002134AB /* Release */ = {
			isa = XCBuildConfiguration;
			buildSettings = {
				ASSETCATALOG_COMPILER_APPICON_NAME = AppIcon;
				FRAMEWORK_SEARCH_PATHS = (
					"$(inherited)",
					"$(PROJECT_DIR)",
				);
				INFOPLIST_FILE = MYPROPERTY/Info.plist;
				IPHONEOS_DEPLOYMENT_TARGET = 8.0;
				LD_RUNPATH_SEARCH_PATHS = "$(inherited) @executable_path/Frameworks";
				PRODUCT_NAME = "$(TARGET_NAME)";
			};
			name = Release;
		};
		8F7D05DA1B4670AC002134AB /* Debug */ = {
			isa = XCBuildConfiguration;
			buildSettings = {
				BUNDLE_LOADER = "$(TEST_HOST)";
				FRAMEWORK_SEARCH_PATHS = (
					"$(SDKROOT)/Developer/Library/Frameworks",
					"$(inherited)",
				);
				GCC_PREPROCESSOR_DEFINITIONS = (
					"DEBUG=1",
					"$(inherited)",
				);
				INFOPLIST_FILE = MYPROPERTYTests/Info.plist;
				LD_RUNPATH_SEARCH_PATHS = "$(inherited) @executable_path/Frameworks @loader_path/Frameworks";
				PRODUCT_NAME = "$(TARGET_NAME)";
				TEST_HOST = "$(BUILT_PRODUCTS_DIR)/MYPROPERTY.app/MYPROPERTY";
			};
			name = Debug;
		};
		8F7D05DB1B4670AC002134AB /* Release */ = {
			isa = XCBuildConfiguration;
			buildSettings = {
				BUNDLE_LOADER = "$(TEST_HOST)";
				FRAMEWORK_SEARCH_PATHS = (
					"$(SDKROOT)/Developer/Library/Frameworks",
					"$(inherited)",
				);
				INFOPLIST_FILE = MYPROPERTYTests/Info.plist;
				LD_RUNPATH_SEARCH_PATHS = "$(inherited) @executable_path/Frameworks @loader_path/Frameworks";
				PRODUCT_NAME = "$(TARGET_NAME)";
				TEST_HOST = "$(BUILT_PRODUCTS_DIR)/MYPROPERTY.app/MYPROPERTY";
			};
			name = Release;
		};
/* End XCBuildConfiguration section */

/* Begin XCConfigurationList section */
		8F7D05AB1B4670AB002134AB /* Build configuration list for PBXProject "MYPROPERTY" */ = {
			isa = XCConfigurationList;
			buildConfigurations = (
				8F7D05D41B4670AC002134AB /* Debug */,
				8F7D05D51B4670AC002134AB /* Release */,
			);
			defaultConfigurationIsVisible = 0;
			defaultConfigurationName = Release;
		};
		8F7D05D61B4670AC002134AB /* Build configuration list for PBXNativeTarget "MYPROPERTY" */ = {
			isa = XCConfigurationList;
			buildConfigurations = (
				8F7D05D71B4670AC002134AB /* Debug */,
				8F7D05D81B4670AC002134AB /* Release */,
			);
			defaultConfigurationIsVisible = 0;
			defaultConfigurationName = Release;
		};
		8F7D05D91B4670AC002134AB /* Build configuration list for PBXNativeTarget "MYPROPERTYTests" */ = {
			isa = XCConfigurationList;
			buildConfigurations = (
				8F7D05DA1B4670AC002134AB /* Debug */,
				8F7D05DB1B4670AC002134AB /* Release */,
			);
			defaultConfigurationIsVisible = 0;
			defaultConfigurationName = Release;
		};
/* End XCConfigurationList section */

/* Begin XCVersionGroup section */
		8F7D05BA1B4670AC002134AB /* MYPROPERTY.xcdatamodeld */ = {
			isa = XCVersionGroup;
			children = (
				8F7D05BB1B4670AC002134AB /* MYPROPERTY.xcdatamodel */,
			);
			currentVersion = 8F7D05BB1B4670AC002134AB /* MYPROPERTY.xcdatamodel */;
			path = MYPROPERTY.xcdatamodeld;
			sourceTree = "<group>";
			versionGroupType = wrapper.xcdatamodel;
		};
/* End XCVersionGroup section */
	};
	rootObject = 8F7D05A81B4670AB002134AB /* Project object */;
}
